// !$*UTF8*$!
{
	archiveVersion = 1;
	classes = {
	};
	objectVersion = 46;
	objects = {

/* Begin PBXBuildFile section */
		860F6DBA1AA12DD400335793 /* Generator.swift in Sources */ = {isa = PBXBuildFile; fileRef = 86D0E8FC1A975A92005E77BA /* Generator.swift */; };
		860F6DC21AA136E200335793 /* main.swift in Sources */ = {isa = PBXBuildFile; fileRef = 860F6DC11AA136E200335793 /* main.swift */; };
		860F6DF61AA17C5100335793 /* Coroutine.swift in Sources */ = {isa = PBXBuildFile; fileRef = 860F6DF51AA17C5100335793 /* Coroutine.swift */; };
		860F6E271AA1B71C00335793 /* Task.swift in Sources */ = {isa = PBXBuildFile; fileRef = 860F6E261AA1B71C00335793 /* Task.swift */; };
		860F6E2A1AA2085900335793 /* Queue.swift in Sources */ = {isa = PBXBuildFile; fileRef = 860F6E291AA2085900335793 /* Queue.swift */; };
		861D9FE91AC8E402007E3A9D /* Hexagen.framework in Frameworks */ = {isa = PBXBuildFile; fileRef = 86D0E8E01A97540D005E77BA /* Hexagen.framework */; };
		861D9FF71AC93336007E3A9D /* Feed.swift in Sources */ = {isa = PBXBuildFile; fileRef = 861D9FF61AC93336007E3A9D /* Feed.swift */; };
		861D9FF81AC93336007E3A9D /* Feed.swift in Sources */ = {isa = PBXBuildFile; fileRef = 861D9FF61AC93336007E3A9D /* Feed.swift */; };
		864EE6611AB2916A00F537FB /* GeneratorTask.swift in Sources */ = {isa = PBXBuildFile; fileRef = 864EE6601AB2916A00F537FB /* GeneratorTask.swift */; };
		8659A8B61AC9DDA500C67C9C /* Hexagen.h in Headers */ = {isa = PBXBuildFile; fileRef = 86D91E191AA3CAF500E86F79 /* Hexagen.h */; settings = {ATTRIBUTES = (Private, ); }; };
		867ACD821AA4E55D00CBE8C7 /* Sync.swift in Sources */ = {isa = PBXBuildFile; fileRef = 867ACD811AA4E55D00CBE8C7 /* Sync.swift */; };
		869CC7961AC2AE4F00939A39 /* Hexagen.framework in Frameworks */ = {isa = PBXBuildFile; fileRef = 869CC78B1AC2AE4F00939A39 /* Hexagen.framework */; };
		869CC7C11AC2B7D400939A39 /* Coroutine.swift in Sources */ = {isa = PBXBuildFile; fileRef = 860F6DF51AA17C5100335793 /* Coroutine.swift */; };
		869CC7C21AC2B7D400939A39 /* Generator.swift in Sources */ = {isa = PBXBuildFile; fileRef = 86D0E8FC1A975A92005E77BA /* Generator.swift */; };
		869CC7C31AC2B7D400939A39 /* Promise.swift in Sources */ = {isa = PBXBuildFile; fileRef = 86DD822D1AB96D9E0097EF96 /* Promise.swift */; };
		869CC7C51AC2B7D400939A39 /* Awaitable.swift in Sources */ = {isa = PBXBuildFile; fileRef = 86D91E451AA480BB00E86F79 /* Awaitable.swift */; };
		869CC7C61AC2B7D400939A39 /* Promise+Awaitable.swift in Sources */ = {isa = PBXBuildFile; fileRef = 86D91E1B1AA4047800E86F79 /* Promise+Awaitable.swift */; };
		869CC7C71AC2B7D400939A39 /* Task.swift in Sources */ = {isa = PBXBuildFile; fileRef = 860F6E261AA1B71C00335793 /* Task.swift */; };
		869CC7C81AC2B7D400939A39 /* Channel.swift in Sources */ = {isa = PBXBuildFile; fileRef = 86D91E0A1AA365D100E86F79 /* Channel.swift */; };
		869CC7C91AC2B7D400939A39 /* Subscription.swift in Sources */ = {isa = PBXBuildFile; fileRef = 86D91E1C1AA4047800E86F79 /* Subscription.swift */; };
		869CC7CA1AC2B7D400939A39 /* GeneratorTask.swift in Sources */ = {isa = PBXBuildFile; fileRef = 864EE6601AB2916A00F537FB /* GeneratorTask.swift */; };
		869CC7CB1AC2B7D400939A39 /* Timer.swift in Sources */ = {isa = PBXBuildFile; fileRef = 86D91E431AA46F7E00E86F79 /* Timer.swift */; };
		869CC7CE1AC2B7D400939A39 /* Utils.swift in Sources */ = {isa = PBXBuildFile; fileRef = 86D91E0C1AA3663D00E86F79 /* Utils.swift */; };
		869CC7CF1AC2B7D400939A39 /* Queue.swift in Sources */ = {isa = PBXBuildFile; fileRef = 860F6E291AA2085900335793 /* Queue.swift */; };
		869CC7D01AC2B7D400939A39 /* Sync.swift in Sources */ = {isa = PBXBuildFile; fileRef = 867ACD811AA4E55D00CBE8C7 /* Sync.swift */; };
		86D0E8EC1A975412005E77BA /* Hexagen.framework in Frameworks */ = {isa = PBXBuildFile; fileRef = 86D0E8E01A97540D005E77BA /* Hexagen.framework */; };
		86D0E8F31A975414005E77BA /* HexagenTests.swift in Sources */ = {isa = PBXBuildFile; fileRef = 86D0E8F21A975414005E77BA /* HexagenTests.swift */; };
		86D91E0B1AA365D100E86F79 /* Channel.swift in Sources */ = {isa = PBXBuildFile; fileRef = 86D91E0A1AA365D100E86F79 /* Channel.swift */; };
		86D91E0D1AA3663D00E86F79 /* Utils.swift in Sources */ = {isa = PBXBuildFile; fileRef = 86D91E0C1AA3663D00E86F79 /* Utils.swift */; };
		86D91E1A1AA3CAF500E86F79 /* Hexagen.h in Headers */ = {isa = PBXBuildFile; fileRef = 86D91E191AA3CAF500E86F79 /* Hexagen.h */; settings = {ATTRIBUTES = (Private, ); }; };
		86D91E1D1AA4047800E86F79 /* Promise+Awaitable.swift in Sources */ = {isa = PBXBuildFile; fileRef = 86D91E1B1AA4047800E86F79 /* Promise+Awaitable.swift */; };
		86D91E441AA46F7E00E86F79 /* Timer.swift in Sources */ = {isa = PBXBuildFile; fileRef = 86D91E431AA46F7E00E86F79 /* Timer.swift */; };
		86D91E461AA480BB00E86F79 /* Awaitable.swift in Sources */ = {isa = PBXBuildFile; fileRef = 86D91E451AA480BB00E86F79 /* Awaitable.swift */; };
		86D91E471AA4894700E86F79 /* Subscription.swift in Sources */ = {isa = PBXBuildFile; fileRef = 86D91E1C1AA4047800E86F79 /* Subscription.swift */; };
		86DD822E1AB96D9E0097EF96 /* Promise.swift in Sources */ = {isa = PBXBuildFile; fileRef = 86DD822D1AB96D9E0097EF96 /* Promise.swift */; };
		86EC96BD1AE36253001F486F /* Context.c in Sources */ = {isa = PBXBuildFile; fileRef = 86EC96BB1AE36253001F486F /* Context.c */; };
		86EC96BE1AE36253001F486F /* Context.c in Sources */ = {isa = PBXBuildFile; fileRef = 86EC96BB1AE36253001F486F /* Context.c */; };
		86EC96BF1AE36253001F486F /* Context.h in Headers */ = {isa = PBXBuildFile; fileRef = 86EC96BC1AE36253001F486F /* Context.h */; settings = {ATTRIBUTES = (Private, ); }; };
		86EC96C01AE36253001F486F /* Context.h in Headers */ = {isa = PBXBuildFile; fileRef = 86EC96BC1AE36253001F486F /* Context.h */; settings = {ATTRIBUTES = (Private, ); }; };
/* End PBXBuildFile section */

/* Begin PBXContainerItemProxy section */
		869CC7971AC2AE4F00939A39 /* PBXContainerItemProxy */ = {
			isa = PBXContainerItemProxy;
			containerPortal = 86D0E8D71A975406005E77BA /* Project object */;
			proxyType = 1;
			remoteGlobalIDString = 869CC78A1AC2AE4F00939A39;
			remoteInfo = MobileHexagen;
		};
		86D0E8ED1A975412005E77BA /* PBXContainerItemProxy */ = {
			isa = PBXContainerItemProxy;
			containerPortal = 86D0E8D71A975406005E77BA /* Project object */;
			proxyType = 1;
			remoteGlobalIDString = 86D0E8DF1A97540A005E77BA;
			remoteInfo = Hexagen;
		};
/* End PBXContainerItemProxy section */

/* Begin PBXCopyFilesBuildPhase section */
		860F6DBD1AA136E200335793 /* CopyFiles */ = {
			isa = PBXCopyFilesBuildPhase;
			buildActionMask = 2147483647;
			dstPath = /usr/share/man/man1/;
			dstSubfolderSpec = 0;
			files = (
			);
			runOnlyForDeploymentPostprocessing = 1;
		};
/* End PBXCopyFilesBuildPhase section */

/* Begin PBXFileReference section */
		860F6DBF1AA136E200335793 /* HexagenExamples */ = {isa = PBXFileReference; explicitFileType = "compiled.mach-o.executable"; includeInIndex = 0; path = HexagenExamples; sourceTree = BUILT_PRODUCTS_DIR; };
		860F6DC11AA136E200335793 /* main.swift */ = {isa = PBXFileReference; lastKnownFileType = sourcecode.swift; path = main.swift; sourceTree = "<group>"; };
		860F6DF41AA1701200335793 /* README.md */ = {isa = PBXFileReference; lastKnownFileType = net.daringfireball.markdown; path = README.md; sourceTree = "<group>"; };
		860F6DF51AA17C5100335793 /* Coroutine.swift */ = {isa = PBXFileReference; fileEncoding = 4; lastKnownFileType = sourcecode.swift; path = Coroutine.swift; sourceTree = "<group>"; };
		860F6E261AA1B71C00335793 /* Task.swift */ = {isa = PBXFileReference; fileEncoding = 4; lastKnownFileType = sourcecode.swift; path = Task.swift; sourceTree = "<group>"; };
		860F6E291AA2085900335793 /* Queue.swift */ = {isa = PBXFileReference; fileEncoding = 4; lastKnownFileType = sourcecode.swift; path = Queue.swift; sourceTree = "<group>"; };
		861D9FF61AC93336007E3A9D /* Feed.swift */ = {isa = PBXFileReference; fileEncoding = 4; lastKnownFileType = sourcecode.swift; path = Feed.swift; sourceTree = "<group>"; };
		864EE6601AB2916A00F537FB /* GeneratorTask.swift */ = {isa = PBXFileReference; fileEncoding = 4; lastKnownFileType = sourcecode.swift; path = GeneratorTask.swift; sourceTree = "<group>"; };
		867ACD811AA4E55D00CBE8C7 /* Sync.swift */ = {isa = PBXFileReference; fileEncoding = 4; lastKnownFileType = sourcecode.swift; path = Sync.swift; sourceTree = "<group>"; };
		869CC78B1AC2AE4F00939A39 /* Hexagen.framework */ = {isa = PBXFileReference; explicitFileType = wrapper.framework; includeInIndex = 0; path = Hexagen.framework; sourceTree = BUILT_PRODUCTS_DIR; };
		869CC7951AC2AE4F00939A39 /* HexagenTests.xctest */ = {isa = PBXFileReference; explicitFileType = wrapper.cfbundle; includeInIndex = 0; path = HexagenTests.xctest; sourceTree = BUILT_PRODUCTS_DIR; };
		86D0E8E01A97540D005E77BA /* Hexagen.framework */ = {isa = PBXFileReference; explicitFileType = wrapper.framework; includeInIndex = 0; path = Hexagen.framework; sourceTree = BUILT_PRODUCTS_DIR; };
		86D0E8E41A97540E005E77BA /* Info.plist */ = {isa = PBXFileReference; lastKnownFileType = text.plist.xml; path = Info.plist; sourceTree = "<group>"; };
		86D0E8EB1A975412005E77BA /* HexagenTests.xctest */ = {isa = PBXFileReference; explicitFileType = wrapper.cfbundle; includeInIndex = 0; path = HexagenTests.xctest; sourceTree = BUILT_PRODUCTS_DIR; };
		86D0E8F11A975413005E77BA /* Info.plist */ = {isa = PBXFileReference; lastKnownFileType = text.plist.xml; path = Info.plist; sourceTree = "<group>"; };
		86D0E8F21A975414005E77BA /* HexagenTests.swift */ = {isa = PBXFileReference; lastKnownFileType = sourcecode.swift; path = HexagenTests.swift; sourceTree = "<group>"; };
		86D0E8FC1A975A92005E77BA /* Generator.swift */ = {isa = PBXFileReference; fileEncoding = 4; lastKnownFileType = sourcecode.swift; path = Generator.swift; sourceTree = "<group>"; };
		86D91E0A1AA365D100E86F79 /* Channel.swift */ = {isa = PBXFileReference; fileEncoding = 4; lastKnownFileType = sourcecode.swift; path = Channel.swift; sourceTree = "<group>"; };
		86D91E0C1AA3663D00E86F79 /* Utils.swift */ = {isa = PBXFileReference; fileEncoding = 4; lastKnownFileType = sourcecode.swift; path = Utils.swift; sourceTree = "<group>"; };
		86D91E111AA3B7FA00E86F79 /* LICENSE.md */ = {isa = PBXFileReference; lastKnownFileType = net.daringfireball.markdown; path = LICENSE.md; sourceTree = "<group>"; };
		86D91E191AA3CAF500E86F79 /* Hexagen.h */ = {isa = PBXFileReference; fileEncoding = 4; lastKnownFileType = sourcecode.c.h; path = Hexagen.h; sourceTree = "<group>"; };
		86D91E1B1AA4047800E86F79 /* Promise+Awaitable.swift */ = {isa = PBXFileReference; fileEncoding = 4; lastKnownFileType = sourcecode.swift; path = "Promise+Awaitable.swift"; sourceTree = "<group>"; };
		86D91E1C1AA4047800E86F79 /* Subscription.swift */ = {isa = PBXFileReference; fileEncoding = 4; lastKnownFileType = sourcecode.swift; path = Subscription.swift; sourceTree = "<group>"; };
		86D91E431AA46F7E00E86F79 /* Timer.swift */ = {isa = PBXFileReference; fileEncoding = 4; lastKnownFileType = sourcecode.swift; path = Timer.swift; sourceTree = "<group>"; };
		86D91E451AA480BB00E86F79 /* Awaitable.swift */ = {isa = PBXFileReference; fileEncoding = 4; lastKnownFileType = sourcecode.swift; path = Awaitable.swift; sourceTree = "<group>"; };
		86DD822D1AB96D9E0097EF96 /* Promise.swift */ = {isa = PBXFileReference; fileEncoding = 4; lastKnownFileType = sourcecode.swift; path = Promise.swift; sourceTree = "<group>"; };
		86EC96BB1AE36253001F486F /* Context.c */ = {isa = PBXFileReference; fileEncoding = 4; lastKnownFileType = sourcecode.c.c; path = Context.c; sourceTree = "<group>"; };
		86EC96BC1AE36253001F486F /* Context.h */ = {isa = PBXFileReference; fileEncoding = 4; lastKnownFileType = sourcecode.c.h; path = Context.h; sourceTree = "<group>"; };
/* End PBXFileReference section */

/* Begin PBXFrameworksBuildPhase section */
		860F6DBC1AA136E200335793 /* Frameworks */ = {
			isa = PBXFrameworksBuildPhase;
			buildActionMask = 2147483647;
			files = (
				861D9FE91AC8E402007E3A9D /* Hexagen.framework in Frameworks */,
			);
			runOnlyForDeploymentPostprocessing = 0;
		};
		869CC7921AC2AE4F00939A39 /* Frameworks */ = {
			isa = PBXFrameworksBuildPhase;
			buildActionMask = 2147483647;
			files = (
				869CC7961AC2AE4F00939A39 /* Hexagen.framework in Frameworks */,
			);
			runOnlyForDeploymentPostprocessing = 0;
		};
		86D0E8DC1A97540A005E77BA /* Frameworks */ = {
			isa = PBXFrameworksBuildPhase;
			buildActionMask = 2147483647;
			files = (
			);
			runOnlyForDeploymentPostprocessing = 0;
		};
		86D0E8E81A975412005E77BA /* Frameworks */ = {
			isa = PBXFrameworksBuildPhase;
			buildActionMask = 2147483647;
			files = (
				86D0E8EC1A975412005E77BA /* Hexagen.framework in Frameworks */,
			);
			runOnlyForDeploymentPostprocessing = 0;
		};
/* End PBXFrameworksBuildPhase section */

/* Begin PBXGroup section */
		860F6DC01AA136E200335793 /* HexagenExamples */ = {
			isa = PBXGroup;
			children = (
				860F6DC11AA136E200335793 /* main.swift */,
			);
			path = HexagenExamples;
			sourceTree = "<group>";
		};
		860F6E251AA1B35D00335793 /* Swift */ = {
			isa = PBXGroup;
			children = (
				860F6DF51AA17C5100335793 /* Coroutine.swift */,
				86D0E8FC1A975A92005E77BA /* Generator.swift */,
				86DD822D1AB96D9E0097EF96 /* Promise.swift */,
				861D9FF61AC93336007E3A9D /* Feed.swift */,
				86D91E071AA3651200E86F79 /* Task */,
				860F6E281AA2079D00335793 /* Internal */,
			);
			path = Swift;
			sourceTree = "<group>";
		};
		860F6E281AA2079D00335793 /* Internal */ = {
			isa = PBXGroup;
			children = (
				86D91E0C1AA3663D00E86F79 /* Utils.swift */,
				867ACD811AA4E55D00CBE8C7 /* Sync.swift */,
				860F6E291AA2085900335793 /* Queue.swift */,
			);
			path = Internal;
			sourceTree = "<group>";
		};
		86D0E8D61A975405005E77BA = {
			isa = PBXGroup;
			children = (
				860F6DF41AA1701200335793 /* README.md */,
				86D91E111AA3B7FA00E86F79 /* LICENSE.md */,
				86D0E8E21A97540D005E77BA /* Hexagen */,
				86D0E8EF1A975412005E77BA /* HexagenTests */,
				860F6DC01AA136E200335793 /* HexagenExamples */,
				86D0E8E11A97540D005E77BA /* Products */,
			);
			sourceTree = "<group>";
		};
		86D0E8E11A97540D005E77BA /* Products */ = {
			isa = PBXGroup;
			children = (
				86D0E8E01A97540D005E77BA /* Hexagen.framework */,
				86D0E8EB1A975412005E77BA /* HexagenTests.xctest */,
				860F6DBF1AA136E200335793 /* HexagenExamples */,
				869CC78B1AC2AE4F00939A39 /* Hexagen.framework */,
				869CC7951AC2AE4F00939A39 /* HexagenTests.xctest */,
			);
			name = Products;
			sourceTree = "<group>";
		};
		86D0E8E21A97540D005E77BA /* Hexagen */ = {
			isa = PBXGroup;
			children = (
				86D91E191AA3CAF500E86F79 /* Hexagen.h */,
				86D0E8E41A97540E005E77BA /* Info.plist */,
				86EC96B41AE36069001F486F /* Core */,
				860F6E251AA1B35D00335793 /* Swift */,
			);
			path = Hexagen;
			sourceTree = "<group>";
		};
		86D0E8EF1A975412005E77BA /* HexagenTests */ = {
			isa = PBXGroup;
			children = (
				86D0E8F21A975414005E77BA /* HexagenTests.swift */,
				86D0E8F11A975413005E77BA /* Info.plist */,
			);
			path = HexagenTests;
			sourceTree = "<group>";
		};
		86D91E071AA3651200E86F79 /* Task */ = {
			isa = PBXGroup;
			children = (
				86D91E451AA480BB00E86F79 /* Awaitable.swift */,
				86D91E1B1AA4047800E86F79 /* Promise+Awaitable.swift */,
				860F6E261AA1B71C00335793 /* Task.swift */,
				86D91E0A1AA365D100E86F79 /* Channel.swift */,
				86D91E1C1AA4047800E86F79 /* Subscription.swift */,
				864EE6601AB2916A00F537FB /* GeneratorTask.swift */,
				86D91E431AA46F7E00E86F79 /* Timer.swift */,
			);
			path = Task;
			sourceTree = "<group>";
		};
		86EC96B41AE36069001F486F /* Core */ = {
			isa = PBXGroup;
			children = (
				86EC96BB1AE36253001F486F /* Context.c */,
				86EC96BC1AE36253001F486F /* Context.h */,
			);
			path = Core;
			sourceTree = "<group>";
		};
/* End PBXGroup section */

/* Begin PBXHeadersBuildPhase section */
		869CC7881AC2AE4F00939A39 /* Headers */ = {
			isa = PBXHeadersBuildPhase;
			buildActionMask = 2147483647;
			files = (
				86EC96C01AE36253001F486F /* Context.h in Headers */,
				8659A8B61AC9DDA500C67C9C /* Hexagen.h in Headers */,
			);
			runOnlyForDeploymentPostprocessing = 0;
		};
		86D0E8DD1A97540A005E77BA /* Headers */ = {
			isa = PBXHeadersBuildPhase;
			buildActionMask = 2147483647;
			files = (
				86EC96BF1AE36253001F486F /* Context.h in Headers */,
				86D91E1A1AA3CAF500E86F79 /* Hexagen.h in Headers */,
			);
			runOnlyForDeploymentPostprocessing = 0;
		};
/* End PBXHeadersBuildPhase section */

/* Begin PBXNativeTarget section */
		860F6DBE1AA136E200335793 /* HexagenExamples */ = {
			isa = PBXNativeTarget;
			buildConfigurationList = 860F6DC31AA136E200335793 /* Build configuration list for PBXNativeTarget "HexagenExamples" */;
			buildPhases = (
				860F6DBB1AA136E200335793 /* Sources */,
				860F6DBC1AA136E200335793 /* Frameworks */,
				860F6DBD1AA136E200335793 /* CopyFiles */,
			);
			buildRules = (
			);
			dependencies = (
			);
			name = HexagenExamples;
			productName = HexagenExamples;
			productReference = 860F6DBF1AA136E200335793 /* HexagenExamples */;
			productType = "com.apple.product-type.tool";
		};
		869CC78A1AC2AE4F00939A39 /* Hexagen (iOS) */ = {
			isa = PBXNativeTarget;
			buildConfigurationList = 869CC79E1AC2AE4F00939A39 /* Build configuration list for PBXNativeTarget "Hexagen (iOS)" */;
			buildPhases = (
				869CC7861AC2AE4F00939A39 /* Sources */,
				869CC7881AC2AE4F00939A39 /* Headers */,
				869CC7891AC2AE4F00939A39 /* Resources */,
				861D9FEB1AC8EA53007E3A9D /* Run Script */,
			);
			buildRules = (
			);
			dependencies = (
			);
			name = "Hexagen (iOS)";
			productName = MobileHexagen;
			productReference = 869CC78B1AC2AE4F00939A39 /* Hexagen.framework */;
			productType = "com.apple.product-type.framework";
		};
		869CC7941AC2AE4F00939A39 /* HexagenTests (iOS) */ = {
			isa = PBXNativeTarget;
			buildConfigurationList = 869CC7A11AC2AE4F00939A39 /* Build configuration list for PBXNativeTarget "HexagenTests (iOS)" */;
			buildPhases = (
				869CC7911AC2AE4F00939A39 /* Sources */,
				869CC7921AC2AE4F00939A39 /* Frameworks */,
				869CC7931AC2AE4F00939A39 /* Resources */,
			);
			buildRules = (
			);
			dependencies = (
				869CC7981AC2AE4F00939A39 /* PBXTargetDependency */,
			);
			name = "HexagenTests (iOS)";
			productName = MobileHexagenTests;
			productReference = 869CC7951AC2AE4F00939A39 /* HexagenTests.xctest */;
			productType = "com.apple.product-type.bundle.unit-test";
		};
		86D0E8DF1A97540A005E77BA /* Hexagen (Mac) */ = {
			isa = PBXNativeTarget;
			buildConfigurationList = 86D0E8F61A975414005E77BA /* Build configuration list for PBXNativeTarget "Hexagen (Mac)" */;
			buildPhases = (
				86D0E8DB1A97540A005E77BA /* Sources */,
				86D0E8DC1A97540A005E77BA /* Frameworks */,
				86D0E8DD1A97540A005E77BA /* Headers */,
				86D0E8DE1A97540A005E77BA /* Resources */,
				861D9FEA1AC8E5A2007E3A9D /* ShellScript */,
			);
			buildRules = (
			);
			dependencies = (
			);
			name = "Hexagen (Mac)";
			productName = Hexagen;
			productReference = 86D0E8E01A97540D005E77BA /* Hexagen.framework */;
			productType = "com.apple.product-type.framework";
		};
		86D0E8EA1A975412005E77BA /* HexagenTests (Mac) */ = {
			isa = PBXNativeTarget;
			buildConfigurationList = 86D0E8F91A975414005E77BA /* Build configuration list for PBXNativeTarget "HexagenTests (Mac)" */;
			buildPhases = (
				86D0E8E71A975412005E77BA /* Sources */,
				86D0E8E81A975412005E77BA /* Frameworks */,
				86D0E8E91A975412005E77BA /* Resources */,
			);
			buildRules = (
			);
			dependencies = (
				86D0E8EE1A975412005E77BA /* PBXTargetDependency */,
			);
			name = "HexagenTests (Mac)";
			productName = HexagenTests;
			productReference = 86D0E8EB1A975412005E77BA /* HexagenTests.xctest */;
			productType = "com.apple.product-type.bundle.unit-test";
		};
/* End PBXNativeTarget section */

/* Begin PBXProject section */
		86D0E8D71A975406005E77BA /* Project object */ = {
			isa = PBXProject;
			attributes = {
				LastUpgradeCheck = 0630;
				ORGANIZATIONNAME = "Alice Atlas";
				TargetAttributes = {
					860F6DBE1AA136E200335793 = {
						CreatedOnToolsVersion = 6.3;
					};
					869CC78A1AC2AE4F00939A39 = {
						CreatedOnToolsVersion = 6.3;
					};
					869CC7941AC2AE4F00939A39 = {
						CreatedOnToolsVersion = 6.3;
					};
					86D0E8DF1A97540A005E77BA = {
						CreatedOnToolsVersion = 6.3;
					};
					86D0E8EA1A975412005E77BA = {
						CreatedOnToolsVersion = 6.3;
					};
				};
			};
			buildConfigurationList = 86D0E8DA1A975408005E77BA /* Build configuration list for PBXProject "Hexagen" */;
			compatibilityVersion = "Xcode 3.2";
			developmentRegion = English;
			hasScannedForEncodings = 0;
			knownRegions = (
				en,
			);
			mainGroup = 86D0E8D61A975405005E77BA;
			productRefGroup = 86D0E8E11A97540D005E77BA /* Products */;
			projectDirPath = "";
			projectRoot = "";
			targets = (
				86D0E8DF1A97540A005E77BA /* Hexagen (Mac) */,
				869CC78A1AC2AE4F00939A39 /* Hexagen (iOS) */,
				86D0E8EA1A975412005E77BA /* HexagenTests (Mac) */,
				869CC7941AC2AE4F00939A39 /* HexagenTests (iOS) */,
				860F6DBE1AA136E200335793 /* HexagenExamples */,
			);
		};
/* End PBXProject section */

/* Begin PBXResourcesBuildPhase section */
		869CC7891AC2AE4F00939A39 /* Resources */ = {
			isa = PBXResourcesBuildPhase;
			buildActionMask = 2147483647;
			files = (
			);
			runOnlyForDeploymentPostprocessing = 0;
		};
		869CC7931AC2AE4F00939A39 /* Resources */ = {
			isa = PBXResourcesBuildPhase;
			buildActionMask = 2147483647;
			files = (
			);
			runOnlyForDeploymentPostprocessing = 0;
		};
		86D0E8DE1A97540A005E77BA /* Resources */ = {
			isa = PBXResourcesBuildPhase;
			buildActionMask = 2147483647;
			files = (
			);
			runOnlyForDeploymentPostprocessing = 0;
		};
		86D0E8E91A975412005E77BA /* Resources */ = {
			isa = PBXResourcesBuildPhase;
			buildActionMask = 2147483647;
			files = (
			);
			runOnlyForDeploymentPostprocessing = 0;
		};
/* End PBXResourcesBuildPhase section */

/* Begin PBXShellScriptBuildPhase section */
		861D9FEA1AC8E5A2007E3A9D /* ShellScript */ = {
			isa = PBXShellScriptBuildPhase;
			buildActionMask = 2147483647;
			files = (
			);
			inputPaths = (
				"$(LD_DEPENDENCY_INFO_FILE)",
			);
			outputPaths = (
				"$(BUILT_PRODUCTS_DIR)/$(EXECUTABLE_PATH)",
			);
			runOnlyForDeploymentPostprocessing = 0;
			shellPath = /bin/sh;
			shellScript = ". BuildStatic/BuildStaticInPlace.sh";
			showEnvVarsInLog = 0;
		};
		861D9FEB1AC8EA53007E3A9D /* Run Script */ = {
			isa = PBXShellScriptBuildPhase;
			buildActionMask = 2147483647;
			files = (
			);
			inputPaths = (
				"$(LD_DEPENDENCY_INFO_FILE)",
			);
			name = "Run Script";
			outputPaths = (
				"$(BUILT_PRODUCTS_DIR)/$(EXECUTABLE_PATH)",
			);
			runOnlyForDeploymentPostprocessing = 0;
			shellPath = /bin/sh;
			shellScript = ". BuildStatic/BuildStaticInPlace.sh";
			showEnvVarsInLog = 0;
		};
/* End PBXShellScriptBuildPhase section */

/* Begin PBXSourcesBuildPhase section */
		860F6DBB1AA136E200335793 /* Sources */ = {
			isa = PBXSourcesBuildPhase;
			buildActionMask = 2147483647;
			files = (
				860F6DC21AA136E200335793 /* main.swift in Sources */,
			);
			runOnlyForDeploymentPostprocessing = 0;
		};
		869CC7861AC2AE4F00939A39 /* Sources */ = {
			isa = PBXSourcesBuildPhase;
			buildActionMask = 2147483647;
			files = (
				861D9FF81AC93336007E3A9D /* Feed.swift in Sources */,
				869CC7CF1AC2B7D400939A39 /* Queue.swift in Sources */,
				869CC7C31AC2B7D400939A39 /* Promise.swift in Sources */,
				869CC7C91AC2B7D400939A39 /* Subscription.swift in Sources */,
				86EC96BE1AE36253001F486F /* Context.c in Sources */,
				869CC7CE1AC2B7D400939A39 /* Utils.swift in Sources */,
				869CC7C61AC2B7D400939A39 /* Promise+Awaitable.swift in Sources */,
				869CC7D01AC2B7D400939A39 /* Sync.swift in Sources */,
				869CC7CA1AC2B7D400939A39 /* GeneratorTask.swift in Sources */,
				869CC7C11AC2B7D400939A39 /* Coroutine.swift in Sources */,
				869CC7C81AC2B7D400939A39 /* Channel.swift in Sources */,
				869CC7C71AC2B7D400939A39 /* Task.swift in Sources */,
				869CC7C51AC2B7D400939A39 /* Awaitable.swift in Sources */,
				869CC7C21AC2B7D400939A39 /* Generator.swift in Sources */,
				869CC7CB1AC2B7D400939A39 /* Timer.swift in Sources */,
			);
			runOnlyForDeploymentPostprocessing = 0;
		};
		869CC7911AC2AE4F00939A39 /* Sources */ = {
			isa = PBXSourcesBuildPhase;
			buildActionMask = 2147483647;
			files = (
			);
			runOnlyForDeploymentPostprocessing = 0;
		};
		86D0E8DB1A97540A005E77BA /* Sources */ = {
			isa = PBXSourcesBuildPhase;
			buildActionMask = 2147483647;
			files = (
				861D9FF71AC93336007E3A9D /* Feed.swift in Sources */,
				86D91E0B1AA365D100E86F79 /* Channel.swift in Sources */,
				86D91E461AA480BB00E86F79 /* Awaitable.swift in Sources */,
				86DD822E1AB96D9E0097EF96 /* Promise.swift in Sources */,
				860F6E2A1AA2085900335793 /* Queue.swift in Sources */,
				86D91E441AA46F7E00E86F79 /* Timer.swift in Sources */,
				86EC96BD1AE36253001F486F /* Context.c in Sources */,
				860F6E271AA1B71C00335793 /* Task.swift in Sources */,
				864EE6611AB2916A00F537FB /* GeneratorTask.swift in Sources */,
				860F6DBA1AA12DD400335793 /* Generator.swift in Sources */,
				860F6DF61AA17C5100335793 /* Coroutine.swift in Sources */,
				86D91E471AA4894700E86F79 /* Subscription.swift in Sources */,
				86D91E0D1AA3663D00E86F79 /* Utils.swift in Sources */,
				867ACD821AA4E55D00CBE8C7 /* Sync.swift in Sources */,
				86D91E1D1AA4047800E86F79 /* Promise+Awaitable.swift in Sources */,
			);
			runOnlyForDeploymentPostprocessing = 0;
		};
		86D0E8E71A975412005E77BA /* Sources */ = {
			isa = PBXSourcesBuildPhase;
			buildActionMask = 2147483647;
			files = (
				86D0E8F31A975414005E77BA /* HexagenTests.swift in Sources */,
			);
			runOnlyForDeploymentPostprocessing = 0;
		};
/* End PBXSourcesBuildPhase section */

/* Begin PBXTargetDependency section */
		869CC7981AC2AE4F00939A39 /* PBXTargetDependency */ = {
			isa = PBXTargetDependency;
			target = 869CC78A1AC2AE4F00939A39 /* Hexagen (iOS) */;
			targetProxy = 869CC7971AC2AE4F00939A39 /* PBXContainerItemProxy */;
		};
		86D0E8EE1A975412005E77BA /* PBXTargetDependency */ = {
			isa = PBXTargetDependency;
			target = 86D0E8DF1A97540A005E77BA /* Hexagen (Mac) */;
			targetProxy = 86D0E8ED1A975412005E77BA /* PBXContainerItemProxy */;
		};
/* End PBXTargetDependency section */

/* Begin XCBuildConfiguration section */
		860F6DC41AA136E200335793 /* Debug */ = {
			isa = XCBuildConfiguration;
			buildSettings = {
				EMBEDDED_CONTENT_CONTAINS_SWIFT = YES;
				GCC_NO_COMMON_BLOCKS = YES;
				GCC_PREPROCESSOR_DEFINITIONS = (
					"DEBUG=1",
					"$(inherited)",
				);
				PRODUCT_NAME = HexagenExamples;
			};
			name = Debug;
		};
		860F6DC51AA136E200335793 /* Release */ = {
			isa = XCBuildConfiguration;
			buildSettings = {
				EMBEDDED_CONTENT_CONTAINS_SWIFT = YES;
				GCC_NO_COMMON_BLOCKS = YES;
				PRODUCT_NAME = HexagenExamples;
			};
			name = Release;
		};
		869CC79F1AC2AE4F00939A39 /* Debug */ = {
			isa = XCBuildConfiguration;
			buildSettings = {
				ARCHS = arm64;
				CLANG_CXX_LANGUAGE_STANDARD = "gnu++14";
				"CODE_SIGN_IDENTITY[sdk=iphoneos*]" = "iPhone Developer";
				DEBUG_INFORMATION_FORMAT = dwarf;
				DEFINES_MODULE = YES;
				DYLIB_COMPATIBILITY_VERSION = 1;
				DYLIB_CURRENT_VERSION = 1;
				DYLIB_INSTALL_NAME_BASE = "@rpath";
				GCC_NO_COMMON_BLOCKS = YES;
				GCC_PREPROCESSOR_DEFINITIONS = (
					"DEBUG=1",
					"$(inherited)",
				);
				HEADER_SEARCH_PATHS = (
					"$(inherited)",
					"/Applications/Xcode-beta.app/Contents/Developer/Toolchains/XcodeDefault.xctoolchain/usr/include",
					"\"$(SRCROOT)/Hexagen/Boost/include\"",
				);
				INFOPLIST_FILE = Hexagen/Info.plist;
				LD_RUNPATH_SEARCH_PATHS = "$(inherited) @executable_path/Frameworks @loader_path/Frameworks";
				PRODUCT_NAME = Hexagen;
				SDKROOT = iphoneos;
				SKIP_INSTALL = YES;
				SWIFT_INSTALL_OBJC_HEADER = NO;
				SWIFT_WHOLE_MODULE_OPTIMIZATION = YES;
				TARGETED_DEVICE_FAMILY = "1,2";
			};
			name = Debug;
		};
		869CC7A01AC2AE4F00939A39 /* Release */ = {
			isa = XCBuildConfiguration;
			buildSettings = {
				ARCHS = arm64;
				CLANG_CXX_LANGUAGE_STANDARD = "gnu++14";
				"CODE_SIGN_IDENTITY[sdk=iphoneos*]" = "iPhone Developer";
				DEBUG_INFORMATION_FORMAT = dwarf;
				DEFINES_MODULE = YES;
				DYLIB_COMPATIBILITY_VERSION = 1;
				DYLIB_CURRENT_VERSION = 1;
				DYLIB_INSTALL_NAME_BASE = "@rpath";
				GCC_NO_COMMON_BLOCKS = YES;
				HEADER_SEARCH_PATHS = (
					"$(inherited)",
					"/Applications/Xcode-beta.app/Contents/Developer/Toolchains/XcodeDefault.xctoolchain/usr/include",
					"\"$(SRCROOT)/Hexagen/Boost/include\"",
				);
				INFOPLIST_FILE = Hexagen/Info.plist;
				LD_RUNPATH_SEARCH_PATHS = "$(inherited) @executable_path/Frameworks @loader_path/Frameworks";
				PRODUCT_NAME = Hexagen;
				SDKROOT = iphoneos;
				SKIP_INSTALL = YES;
				SWIFT_INSTALL_OBJC_HEADER = NO;
				SWIFT_WHOLE_MODULE_OPTIMIZATION = YES;
				TARGETED_DEVICE_FAMILY = "1,2";
				VALIDATE_PRODUCT = YES;
			};
			name = Release;
		};
		869CC7A21AC2AE4F00939A39 /* Debug */ = {
			isa = XCBuildConfiguration;
			buildSettings = {
				"CODE_SIGN_IDENTITY[sdk=iphoneos*]" = "iPhone Developer";
				DEBUG_INFORMATION_FORMAT = "dwarf-with-dsym";
				GCC_NO_COMMON_BLOCKS = YES;
				GCC_PREPROCESSOR_DEFINITIONS = (
					"DEBUG=1",
					"$(inherited)",
				);
				INFOPLIST_FILE = HexagenTests/Info.plist;
				LD_RUNPATH_SEARCH_PATHS = "$(inherited) @executable_path/Frameworks @loader_path/Frameworks";
				PRODUCT_NAME = HexagenTests;
				SDKROOT = iphoneos;
			};
			name = Debug;
		};
		869CC7A31AC2AE4F00939A39 /* Release */ = {
			isa = XCBuildConfiguration;
			buildSettings = {
				"CODE_SIGN_IDENTITY[sdk=iphoneos*]" = "iPhone Developer";
				GCC_NO_COMMON_BLOCKS = YES;
				INFOPLIST_FILE = HexagenTests/Info.plist;
				LD_RUNPATH_SEARCH_PATHS = "$(inherited) @executable_path/Frameworks @loader_path/Frameworks";
				PRODUCT_NAME = HexagenTests;
				SDKROOT = iphoneos;
				VALIDATE_PRODUCT = YES;
			};
			name = Release;
		};
		86D0E8F41A975414005E77BA /* Debug */ = {
			isa = XCBuildConfiguration;
			buildSettings = {
				ALWAYS_SEARCH_USER_PATHS = NO;
				CLANG_ENABLE_MODULES = YES;
				CLANG_ENABLE_OBJC_ARC = YES;
				CLANG_WARN_BOOL_CONVERSION = YES;
				CLANG_WARN_CONSTANT_CONVERSION = YES;
				CLANG_WARN_DIRECT_OBJC_ISA_USAGE = YES_ERROR;
				CLANG_WARN_EMPTY_BODY = YES;
				CLANG_WARN_ENUM_CONVERSION = YES;
				CLANG_WARN_INT_CONVERSION = YES;
				CLANG_WARN_OBJC_ROOT_CLASS = YES_ERROR;
				CLANG_WARN_UNREACHABLE_CODE = YES;
				CLANG_WARN__DUPLICATE_METHOD_MATCH = YES;
				COPY_PHASE_STRIP = NO;
				CURRENT_PROJECT_VERSION = 1;
				DEBUG_INFORMATION_FORMAT = dwarf;
				ENABLE_STRICT_OBJC_MSGSEND = YES;
				GCC_DYNAMIC_NO_PIC = NO;
				GCC_OPTIMIZATION_LEVEL = 0;
				GCC_PREPROCESSOR_DEFINITIONS = (
					"DEBUG=1",
					"$(inherited)",
				);
				GCC_SYMBOLS_PRIVATE_EXTERN = NO;
				GCC_WARN_64_TO_32_BIT_CONVERSION = YES;
				GCC_WARN_ABOUT_RETURN_TYPE = YES_ERROR;
				GCC_WARN_UNDECLARED_SELECTOR = YES;
				GCC_WARN_UNINITIALIZED_AUTOS = YES_AGGRESSIVE;
				GCC_WARN_UNUSED_FUNCTION = YES;
				GCC_WARN_UNUSED_VARIABLE = YES;
				IPHONEOS_DEPLOYMENT_TARGET = 7.0;
				MACOSX_DEPLOYMENT_TARGET = 10.9;
				MTL_ENABLE_DEBUG_INFO = YES;
				ONLY_ACTIVE_ARCH = YES;
				SDKROOT = macosx;
				SWIFT_OPTIMIZATION_LEVEL = "-Onone";
				VERSIONING_SYSTEM = "apple-generic";
				VERSION_INFO_PREFIX = "";
			};
			name = Debug;
		};
		86D0E8F51A975414005E77BA /* Release */ = {
			isa = XCBuildConfiguration;
			buildSettings = {
				ALWAYS_SEARCH_USER_PATHS = NO;
				CLANG_ENABLE_MODULES = YES;
				CLANG_ENABLE_OBJC_ARC = YES;
				CLANG_WARN_BOOL_CONVERSION = YES;
				CLANG_WARN_CONSTANT_CONVERSION = YES;
				CLANG_WARN_DIRECT_OBJC_ISA_USAGE = YES_ERROR;
				CLANG_WARN_EMPTY_BODY = YES;
				CLANG_WARN_ENUM_CONVERSION = YES;
				CLANG_WARN_INT_CONVERSION = YES;
				CLANG_WARN_OBJC_ROOT_CLASS = YES_ERROR;
				CLANG_WARN_UNREACHABLE_CODE = YES;
				CLANG_WARN__DUPLICATE_METHOD_MATCH = YES;
				COPY_PHASE_STRIP = NO;
				CURRENT_PROJECT_VERSION = 1;
				DEBUG_INFORMATION_FORMAT = "dwarf-with-dsym";
				ENABLE_NS_ASSERTIONS = NO;
				ENABLE_STRICT_OBJC_MSGSEND = YES;
				GCC_WARN_64_TO_32_BIT_CONVERSION = YES;
				GCC_WARN_ABOUT_RETURN_TYPE = YES_ERROR;
				GCC_WARN_UNDECLARED_SELECTOR = YES;
				GCC_WARN_UNINITIALIZED_AUTOS = YES_AGGRESSIVE;
				GCC_WARN_UNUSED_FUNCTION = YES;
				GCC_WARN_UNUSED_VARIABLE = YES;
				IPHONEOS_DEPLOYMENT_TARGET = 7.0;
				MACOSX_DEPLOYMENT_TARGET = 10.9;
				MTL_ENABLE_DEBUG_INFO = NO;
				SDKROOT = macosx;
				VERSIONING_SYSTEM = "apple-generic";
				VERSION_INFO_PREFIX = "";
			};
			name = Release;
		};
		86D0E8F71A975414005E77BA /* Debug */ = {
			isa = XCBuildConfiguration;
			buildSettings = {
				CLANG_CXX_LANGUAGE_STANDARD = "gnu++14";
				DEFINES_MODULE = YES;
				DYLIB_COMPATIBILITY_VERSION = 1;
				DYLIB_CURRENT_VERSION = 1;
				DYLIB_INSTALL_NAME_BASE = "@rpath";
				EMBEDDED_CONTENT_CONTAINS_SWIFT = YES;
				FRAMEWORK_VERSION = A;
				INFOPLIST_FILE = Hexagen/Info.plist;
				PRODUCT_NAME = Hexagen;
				SKIP_INSTALL = YES;
				SWIFT_INSTALL_OBJC_HEADER = NO;
				SWIFT_WHOLE_MODULE_OPTIMIZATION = YES;
			};
			name = Debug;
		};
		86D0E8F81A975414005E77BA /* Release */ = {
			isa = XCBuildConfiguration;
			buildSettings = {
				CLANG_CXX_LANGUAGE_STANDARD = "gnu++14";
				DEBUG_INFORMATION_FORMAT = dwarf;
				DEFINES_MODULE = YES;
				DYLIB_COMPATIBILITY_VERSION = 1;
				DYLIB_CURRENT_VERSION = 1;
				DYLIB_INSTALL_NAME_BASE = "@rpath";
				EMBEDDED_CONTENT_CONTAINS_SWIFT = YES;
				FRAMEWORK_VERSION = A;
				INFOPLIST_FILE = Hexagen/Info.plist;
				PRODUCT_NAME = Hexagen;
				SKIP_INSTALL = YES;
				SWIFT_INSTALL_OBJC_HEADER = NO;
				SWIFT_WHOLE_MODULE_OPTIMIZATION = YES;
			};
			name = Release;
		};
		86D0E8FA1A975414005E77BA /* Debug */ = {
			isa = XCBuildConfiguration;
			buildSettings = {
				COMBINE_HIDPI_IMAGES = YES;
				FRAMEWORK_SEARCH_PATHS = (
					"$(DEVELOPER_FRAMEWORKS_DIR)",
					"$(inherited)",
				);
				GCC_PREPROCESSOR_DEFINITIONS = (
					"DEBUG=1",
					"$(inherited)",
				);
				INFOPLIST_FILE = HexagenTests/Info.plist;
				LD_RUNPATH_SEARCH_PATHS = "$(inherited) @executable_path/../Frameworks @loader_path/../Frameworks";
				PRODUCT_NAME = HexagenTests;
			};
			name = Debug;
		};
		86D0E8FB1A975414005E77BA /* Release */ = {
			isa = XCBuildConfiguration;
			buildSettings = {
				COMBINE_HIDPI_IMAGES = YES;
				FRAMEWORK_SEARCH_PATHS = (
					"$(DEVELOPER_FRAMEWORKS_DIR)",
					"$(inherited)",
				);
				INFOPLIST_FILE = HexagenTests/Info.plist;
				LD_RUNPATH_SEARCH_PATHS = "$(inherited) @executable_path/../Frameworks @loader_path/../Frameworks";
				PRODUCT_NAME = HexagenTests;
			};
			name = Release;
		};
/* End XCBuildConfiguration section */

/* Begin XCConfigurationList section */
		860F6DC31AA136E200335793 /* Build configuration list for PBXNativeTarget "HexagenExamples" */ = {
			isa = XCConfigurationList;
			buildConfigurations = (
				860F6DC41AA136E200335793 /* Debug */,
				860F6DC51AA136E200335793 /* Release */,
			);
			defaultConfigurationIsVisible = 0;
			defaultConfigurationName = Release;
		};
		869CC79E1AC2AE4F00939A39 /* Build configuration list for PBXNativeTarget "Hexagen (iOS)" */ = {
			isa = XCConfigurationList;
			buildConfigurations = (
				869CC79F1AC2AE4F00939A39 /* Debug */,
				869CC7A01AC2AE4F00939A39 /* Release */,
			);
			defaultConfigurationIsVisible = 0;
			defaultConfigurationName = Release;
		};
		869CC7A11AC2AE4F00939A39 /* Build configuration list for PBXNativeTarget "HexagenTests (iOS)" */ = {
			isa = XCConfigurationList;
			buildConfigurations = (
				869CC7A21AC2AE4F00939A39 /* Debug */,
				869CC7A31AC2AE4F00939A39 /* Release */,
			);
			defaultConfigurationIsVisible = 0;
			defaultConfigurationName = Release;
		};
		86D0E8DA1A975408005E77BA /* Build configuration list for PBXProject "Hexagen" */ = {
			isa = XCConfigurationList;
			buildConfigurations = (
				86D0E8F41A975414005E77BA /* Debug */,
				86D0E8F51A975414005E77BA /* Release */,
			);
			defaultConfigurationIsVisible = 0;
			defaultConfigurationName = Release;
		};
		86D0E8F61A975414005E77BA /* Build configuration list for PBXNativeTarget "Hexagen (Mac)" */ = {
			isa = XCConfigurationList;
			buildConfigurations = (
				86D0E8F71A975414005E77BA /* Debug */,
				86D0E8F81A975414005E77BA /* Release */,
			);
			defaultConfigurationIsVisible = 0;
			defaultConfigurationName = Release;
		};
		86D0E8F91A975414005E77BA /* Build configuration list for PBXNativeTarget "HexagenTests (Mac)" */ = {
			isa = XCConfigurationList;
			buildConfigurations = (
				86D0E8FA1A975414005E77BA /* Debug */,
				86D0E8FB1A975414005E77BA /* Release */,
			);
			defaultConfigurationIsVisible = 0;
			defaultConfigurationName = Release;
		};
/* End XCConfigurationList section */
	};
	rootObject = 86D0E8D71A975406005E77BA /* Project object */;
}
