// !$*UTF8*$!
{
	archiveVersion = 1;
	classes = {
	};
	objectVersion = 46;
	objects = {

/* Begin PBXBuildFile section */
		860F6DBA1AA12DD400335793 /* Generator.swift in Sources */ = {isa = PBXBuildFile; fileRef = 86D0E8FC1A975A92005E77BA /* Generator.swift */; };
		860F6DC21AA136E200335793 /* main.swift in Sources */ = {isa = PBXBuildFile; fileRef = 860F6DC11AA136E200335793 /* main.swift */; };
		860F6DF31AA1589C00335793 /* Hexagen.framework in Frameworks */ = {isa = PBXBuildFile; fileRef = 86D0E8E01A97540D005E77BA /* Hexagen.framework */; };
		860F6DF61AA17C5100335793 /* Coroutine.swift in Sources */ = {isa = PBXBuildFile; fileRef = 860F6DF51AA17C5100335793 /* Coroutine.swift */; };
		860F6E271AA1B71C00335793 /* Task.swift in Sources */ = {isa = PBXBuildFile; fileRef = 860F6E261AA1B71C00335793 /* Task.swift */; };
		860F6E2A1AA2085900335793 /* Queue.swift in Sources */ = {isa = PBXBuildFile; fileRef = 860F6E291AA2085900335793 /* Queue.swift */; };
		864EE6611AB2916A00F537FB /* GeneratorTask.swift in Sources */ = {isa = PBXBuildFile; fileRef = 864EE6601AB2916A00F537FB /* GeneratorTask.swift */; };
		869CC7901AC2AE4F00939A39 /* MobileHexagen.h in Headers */ = {isa = PBXBuildFile; fileRef = 869CC78F1AC2AE4F00939A39 /* MobileHexagen.h */; settings = {ATTRIBUTES = (Private, ); }; };
		869CC7961AC2AE4F00939A39 /* MobileHexagen.framework in Frameworks */ = {isa = PBXBuildFile; fileRef = 869CC78B1AC2AE4F00939A39 /* MobileHexagen.framework */; };
		869CC79D1AC2AE4F00939A39 /* MobileHexagenTests.swift in Sources */ = {isa = PBXBuildFile; fileRef = 869CC79C1AC2AE4F00939A39 /* MobileHexagenTests.swift */; };
		869CC7A41AC2B12D00939A39 /* Wrapper.cpp in Sources */ = {isa = PBXBuildFile; fileRef = 86D91E151AA3CAC300E86F79 /* Wrapper.cpp */; };
		869CC7A61AC2B1B300939A39 /* jump_arm_arm64_aapcs_macho_gas.S in Sources */ = {isa = PBXBuildFile; fileRef = 869CC7A51AC2B1B300939A39 /* jump_arm_arm64_aapcs_macho_gas.S */; };
		869CC7AA1AC2B1D100939A39 /* make_arm_arm64_aapcs_macho_gas.S in Sources */ = {isa = PBXBuildFile; fileRef = 869CC7A91AC2B1D100939A39 /* make_arm_arm64_aapcs_macho_gas.S */; };
		869CC7AB1AC2B55F00939A39 /* lockpool.cpp in Sources */ = {isa = PBXBuildFile; fileRef = 86BCE84A1AC26464005C5DC6 /* lockpool.cpp */; };
		869CC7AC1AC2B55F00939A39 /* chrono.cpp in Sources */ = {isa = PBXBuildFile; fileRef = 86BCE84C1AC26464005C5DC6 /* chrono.cpp */; };
		869CC7AD1AC2B55F00939A39 /* process_cpu_clocks.cpp in Sources */ = {isa = PBXBuildFile; fileRef = 86BCE84D1AC26464005C5DC6 /* process_cpu_clocks.cpp */; };
		869CC7AE1AC2B55F00939A39 /* thread_clock.cpp in Sources */ = {isa = PBXBuildFile; fileRef = 86BCE84E1AC26464005C5DC6 /* thread_clock.cpp */; };
		869CC7AF1AC2B57700939A39 /* coroutine_context.cpp in Sources */ = {isa = PBXBuildFile; fileRef = 86BCE8511AC26464005C5DC6 /* coroutine_context.cpp */; };
		869CC7B01AC2B57700939A39 /* exceptions.cpp in Sources */ = {isa = PBXBuildFile; fileRef = 86BCE8521AC26464005C5DC6 /* exceptions.cpp */; };
		869CC7B11AC2B57700939A39 /* stack_traits.cpp in Sources */ = {isa = PBXBuildFile; fileRef = 86BCE8541AC26464005C5DC6 /* stack_traits.cpp */; };
		869CC7B21AC2B57700939A39 /* date_generators.cpp in Sources */ = {isa = PBXBuildFile; fileRef = 86BCE85A1AC26464005C5DC6 /* date_generators.cpp */; };
		869CC7B31AC2B57700939A39 /* greg_month.cpp in Sources */ = {isa = PBXBuildFile; fileRef = 86BCE85B1AC26464005C5DC6 /* greg_month.cpp */; };
		869CC7B41AC2B57700939A39 /* greg_weekday.cpp in Sources */ = {isa = PBXBuildFile; fileRef = 86BCE85D1AC26464005C5DC6 /* greg_weekday.cpp */; };
		869CC7B51AC2B57700939A39 /* gregorian_types.cpp in Sources */ = {isa = PBXBuildFile; fileRef = 86BCE85E1AC26464005C5DC6 /* gregorian_types.cpp */; };
		869CC7B61AC2B57700939A39 /* posix_time_types.cpp in Sources */ = {isa = PBXBuildFile; fileRef = 86BCE8601AC26464005C5DC6 /* posix_time_types.cpp */; };
		869CC7B71AC2B57700939A39 /* clone_current_exception_non_intrusive.cpp in Sources */ = {isa = PBXBuildFile; fileRef = 86BCE8621AC26464005C5DC6 /* clone_current_exception_non_intrusive.cpp */; };
		869CC7B81AC2B57700939A39 /* sp_collector.cpp in Sources */ = {isa = PBXBuildFile; fileRef = 86BCE8641AC26464005C5DC6 /* sp_collector.cpp */; };
		869CC7B91AC2B57700939A39 /* sp_debug_hooks.cpp in Sources */ = {isa = PBXBuildFile; fileRef = 86BCE8651AC26464005C5DC6 /* sp_debug_hooks.cpp */; };
		869CC7BA1AC2B57700939A39 /* error_code.cpp in Sources */ = {isa = PBXBuildFile; fileRef = 86BCE8671AC26465005C5DC6 /* error_code.cpp */; };
		869CC7BB1AC2B57700939A39 /* future.cpp in Sources */ = {isa = PBXBuildFile; fileRef = 86BCE8691AC26465005C5DC6 /* future.cpp */; };
		869CC7BC1AC2B57700939A39 /* once_atomic.cpp in Sources */ = {isa = PBXBuildFile; fileRef = 86BCE86C1AC26465005C5DC6 /* once_atomic.cpp */; };
		869CC7BD1AC2B57700939A39 /* thread.cpp in Sources */ = {isa = PBXBuildFile; fileRef = 86BCE86D1AC26465005C5DC6 /* thread.cpp */; };
		869CC7BE1AC2B57700939A39 /* tss_null.cpp in Sources */ = {isa = PBXBuildFile; fileRef = 86BCE86F1AC26466005C5DC6 /* tss_null.cpp */; };
		869CC7C11AC2B7D400939A39 /* Coroutine.swift in Sources */ = {isa = PBXBuildFile; fileRef = 860F6DF51AA17C5100335793 /* Coroutine.swift */; };
		869CC7C21AC2B7D400939A39 /* Generator.swift in Sources */ = {isa = PBXBuildFile; fileRef = 86D0E8FC1A975A92005E77BA /* Generator.swift */; };
		869CC7C31AC2B7D400939A39 /* Promise.swift in Sources */ = {isa = PBXBuildFile; fileRef = 86DD822D1AB96D9E0097EF96 /* Promise.swift */; };
		869CC7C51AC2B7D400939A39 /* Awaitable.swift in Sources */ = {isa = PBXBuildFile; fileRef = 86D91E451AA480BB00E86F79 /* Awaitable.swift */; };
		869CC7C61AC2B7D400939A39 /* Promise+Awaitable.swift in Sources */ = {isa = PBXBuildFile; fileRef = 86D91E1B1AA4047800E86F79 /* Promise+Awaitable.swift */; };
		869CC7C71AC2B7D400939A39 /* Task.swift in Sources */ = {isa = PBXBuildFile; fileRef = 860F6E261AA1B71C00335793 /* Task.swift */; };
		869CC7C81AC2B7D400939A39 /* Channel.swift in Sources */ = {isa = PBXBuildFile; fileRef = 86D91E0A1AA365D100E86F79 /* Channel.swift */; };
		869CC7C91AC2B7D400939A39 /* PromiseSequence.swift in Sources */ = {isa = PBXBuildFile; fileRef = 86D91E1C1AA4047800E86F79 /* PromiseSequence.swift */; };
		869CC7CA1AC2B7D400939A39 /* GeneratorTask.swift in Sources */ = {isa = PBXBuildFile; fileRef = 864EE6601AB2916A00F537FB /* GeneratorTask.swift */; };
		869CC7CB1AC2B7D400939A39 /* Timer.swift in Sources */ = {isa = PBXBuildFile; fileRef = 86D91E431AA46F7E00E86F79 /* Timer.swift */; };
		869CC7CE1AC2B7D400939A39 /* Utils.swift in Sources */ = {isa = PBXBuildFile; fileRef = 86D91E0C1AA3663D00E86F79 /* Utils.swift */; };
		869CC7CF1AC2B7D400939A39 /* Queue.swift in Sources */ = {isa = PBXBuildFile; fileRef = 860F6E291AA2085900335793 /* Queue.swift */; };
		869CC7D11AC2B7EA00939A39 /* Wrapper.h in Headers */ = {isa = PBXBuildFile; fileRef = 86D91E141AA3CAC300E86F79 /* Wrapper.h */; settings = {ATTRIBUTES = (Private, ); }; };
		86BCE8751AC26466005C5DC6 /* lockpool.cpp in Sources */ = {isa = PBXBuildFile; fileRef = 86BCE84A1AC26464005C5DC6 /* lockpool.cpp */; };
		86BCE8761AC26466005C5DC6 /* chrono.cpp in Sources */ = {isa = PBXBuildFile; fileRef = 86BCE84C1AC26464005C5DC6 /* chrono.cpp */; };
		86BCE8771AC26466005C5DC6 /* process_cpu_clocks.cpp in Sources */ = {isa = PBXBuildFile; fileRef = 86BCE84D1AC26464005C5DC6 /* process_cpu_clocks.cpp */; };
		86BCE8781AC26466005C5DC6 /* thread_clock.cpp in Sources */ = {isa = PBXBuildFile; fileRef = 86BCE84E1AC26464005C5DC6 /* thread_clock.cpp */; };
		86BCE8791AC26466005C5DC6 /* coroutine_context.cpp in Sources */ = {isa = PBXBuildFile; fileRef = 86BCE8511AC26464005C5DC6 /* coroutine_context.cpp */; };
		86BCE87A1AC26466005C5DC6 /* exceptions.cpp in Sources */ = {isa = PBXBuildFile; fileRef = 86BCE8521AC26464005C5DC6 /* exceptions.cpp */; };
		86BCE87B1AC26466005C5DC6 /* stack_traits.cpp in Sources */ = {isa = PBXBuildFile; fileRef = 86BCE8541AC26464005C5DC6 /* stack_traits.cpp */; };
		86BCE87E1AC26466005C5DC6 /* date_generators.cpp in Sources */ = {isa = PBXBuildFile; fileRef = 86BCE85A1AC26464005C5DC6 /* date_generators.cpp */; };
		86BCE87F1AC26466005C5DC6 /* greg_month.cpp in Sources */ = {isa = PBXBuildFile; fileRef = 86BCE85B1AC26464005C5DC6 /* greg_month.cpp */; };
		86BCE8811AC26466005C5DC6 /* greg_weekday.cpp in Sources */ = {isa = PBXBuildFile; fileRef = 86BCE85D1AC26464005C5DC6 /* greg_weekday.cpp */; };
		86BCE8821AC26466005C5DC6 /* gregorian_types.cpp in Sources */ = {isa = PBXBuildFile; fileRef = 86BCE85E1AC26464005C5DC6 /* gregorian_types.cpp */; };
		86BCE8831AC26466005C5DC6 /* posix_time_types.cpp in Sources */ = {isa = PBXBuildFile; fileRef = 86BCE8601AC26464005C5DC6 /* posix_time_types.cpp */; };
		86BCE8841AC26466005C5DC6 /* clone_current_exception_non_intrusive.cpp in Sources */ = {isa = PBXBuildFile; fileRef = 86BCE8621AC26464005C5DC6 /* clone_current_exception_non_intrusive.cpp */; };
		86BCE8851AC26466005C5DC6 /* sp_collector.cpp in Sources */ = {isa = PBXBuildFile; fileRef = 86BCE8641AC26464005C5DC6 /* sp_collector.cpp */; };
		86BCE8861AC26466005C5DC6 /* sp_debug_hooks.cpp in Sources */ = {isa = PBXBuildFile; fileRef = 86BCE8651AC26464005C5DC6 /* sp_debug_hooks.cpp */; };
		86BCE8871AC26466005C5DC6 /* error_code.cpp in Sources */ = {isa = PBXBuildFile; fileRef = 86BCE8671AC26465005C5DC6 /* error_code.cpp */; };
		86BCE8881AC26466005C5DC6 /* future.cpp in Sources */ = {isa = PBXBuildFile; fileRef = 86BCE8691AC26465005C5DC6 /* future.cpp */; };
		86BCE88A1AC26466005C5DC6 /* once_atomic.cpp in Sources */ = {isa = PBXBuildFile; fileRef = 86BCE86C1AC26465005C5DC6 /* once_atomic.cpp */; };
		86BCE88B1AC26466005C5DC6 /* thread.cpp in Sources */ = {isa = PBXBuildFile; fileRef = 86BCE86D1AC26465005C5DC6 /* thread.cpp */; };
		86BCE88D1AC26466005C5DC6 /* tss_null.cpp in Sources */ = {isa = PBXBuildFile; fileRef = 86BCE86F1AC26466005C5DC6 /* tss_null.cpp */; };
		86BCE8AC1AC27439005C5DC6 /* jump_i386_x86_64_sysv_macho_gas.S in Sources */ = {isa = PBXBuildFile; fileRef = 86BCE89B1AC272FE005C5DC6 /* jump_i386_x86_64_sysv_macho_gas.S */; };
		86BCE8AD1AC27439005C5DC6 /* make_i386_x86_64_sysv_macho_gas.S in Sources */ = {isa = PBXBuildFile; fileRef = 86BCE8A01AC272FE005C5DC6 /* make_i386_x86_64_sysv_macho_gas.S */; };
		86D0E8EC1A975412005E77BA /* Hexagen.framework in Frameworks */ = {isa = PBXBuildFile; fileRef = 86D0E8E01A97540D005E77BA /* Hexagen.framework */; };
		86D0E8F31A975414005E77BA /* HexagenTests.swift in Sources */ = {isa = PBXBuildFile; fileRef = 86D0E8F21A975414005E77BA /* HexagenTests.swift */; };
		86D91E0B1AA365D100E86F79 /* Channel.swift in Sources */ = {isa = PBXBuildFile; fileRef = 86D91E0A1AA365D100E86F79 /* Channel.swift */; };
		86D91E0D1AA3663D00E86F79 /* Utils.swift in Sources */ = {isa = PBXBuildFile; fileRef = 86D91E0C1AA3663D00E86F79 /* Utils.swift */; };
		86D91E171AA3CACB00E86F79 /* Wrapper.h in Headers */ = {isa = PBXBuildFile; fileRef = 86D91E141AA3CAC300E86F79 /* Wrapper.h */; settings = {ATTRIBUTES = (Private, ); }; };
		86D91E181AA3CACB00E86F79 /* Wrapper.cpp in Sources */ = {isa = PBXBuildFile; fileRef = 86D91E151AA3CAC300E86F79 /* Wrapper.cpp */; };
		86D91E1A1AA3CAF500E86F79 /* Hexagen.h in Headers */ = {isa = PBXBuildFile; fileRef = 86D91E191AA3CAF500E86F79 /* Hexagen.h */; settings = {ATTRIBUTES = (Private, ); }; };
		86D91E1D1AA4047800E86F79 /* Promise+Awaitable.swift in Sources */ = {isa = PBXBuildFile; fileRef = 86D91E1B1AA4047800E86F79 /* Promise+Awaitable.swift */; };
		86D91E441AA46F7E00E86F79 /* Timer.swift in Sources */ = {isa = PBXBuildFile; fileRef = 86D91E431AA46F7E00E86F79 /* Timer.swift */; };
		86D91E461AA480BB00E86F79 /* Awaitable.swift in Sources */ = {isa = PBXBuildFile; fileRef = 86D91E451AA480BB00E86F79 /* Awaitable.swift */; };
		86D91E471AA4894700E86F79 /* PromiseSequence.swift in Sources */ = {isa = PBXBuildFile; fileRef = 86D91E1C1AA4047800E86F79 /* PromiseSequence.swift */; };
		86DD822E1AB96D9E0097EF96 /* Promise.swift in Sources */ = {isa = PBXBuildFile; fileRef = 86DD822D1AB96D9E0097EF96 /* Promise.swift */; };
/* End PBXBuildFile section */

/* Begin PBXContainerItemProxy section */
		869CC7971AC2AE4F00939A39 /* PBXContainerItemProxy */ = {
			isa = PBXContainerItemProxy;
			containerPortal = 86D0E8D71A975406005E77BA /* Project object */;
			proxyType = 1;
			remoteGlobalIDString = 869CC78A1AC2AE4F00939A39;
			remoteInfo = MobileHexagen;
		};
		86D0E8ED1A975412005E77BA /* PBXContainerItemProxy */ = {
			isa = PBXContainerItemProxy;
			containerPortal = 86D0E8D71A975406005E77BA /* Project object */;
			proxyType = 1;
			remoteGlobalIDString = 86D0E8DF1A97540A005E77BA;
			remoteInfo = Hexagen;
		};
/* End PBXContainerItemProxy section */

/* Begin PBXCopyFilesBuildPhase section */
		860F6DBD1AA136E200335793 /* CopyFiles */ = {
			isa = PBXCopyFilesBuildPhase;
			buildActionMask = 2147483647;
			dstPath = /usr/share/man/man1/;
			dstSubfolderSpec = 0;
			files = (
			);
			runOnlyForDeploymentPostprocessing = 1;
		};
/* End PBXCopyFilesBuildPhase section */

/* Begin PBXFileReference section */
		860434A01AAE67A20076B28A /* Wrapper.pch */ = {isa = PBXFileReference; lastKnownFileType = sourcecode.c.h; path = Wrapper.pch; sourceTree = "<group>"; };
		860F6DBF1AA136E200335793 /* HexagenExamples */ = {isa = PBXFileReference; explicitFileType = "compiled.mach-o.executable"; includeInIndex = 0; path = HexagenExamples; sourceTree = BUILT_PRODUCTS_DIR; };
		860F6DC11AA136E200335793 /* main.swift */ = {isa = PBXFileReference; lastKnownFileType = sourcecode.swift; path = main.swift; sourceTree = "<group>"; };
		860F6DF41AA1701200335793 /* README.md */ = {isa = PBXFileReference; lastKnownFileType = net.daringfireball.markdown; path = README.md; sourceTree = "<group>"; };
		860F6DF51AA17C5100335793 /* Coroutine.swift */ = {isa = PBXFileReference; fileEncoding = 4; lastKnownFileType = sourcecode.swift; path = Coroutine.swift; sourceTree = "<group>"; };
		860F6E261AA1B71C00335793 /* Task.swift */ = {isa = PBXFileReference; fileEncoding = 4; lastKnownFileType = sourcecode.swift; path = Task.swift; sourceTree = "<group>"; };
		860F6E291AA2085900335793 /* Queue.swift */ = {isa = PBXFileReference; fileEncoding = 4; lastKnownFileType = sourcecode.swift; path = Queue.swift; sourceTree = "<group>"; };
		864EE6601AB2916A00F537FB /* GeneratorTask.swift */ = {isa = PBXFileReference; fileEncoding = 4; lastKnownFileType = sourcecode.swift; path = GeneratorTask.swift; sourceTree = "<group>"; };
		869CC78B1AC2AE4F00939A39 /* MobileHexagen.framework */ = {isa = PBXFileReference; explicitFileType = wrapper.framework; includeInIndex = 0; path = MobileHexagen.framework; sourceTree = BUILT_PRODUCTS_DIR; };
		869CC78E1AC2AE4F00939A39 /* Info.plist */ = {isa = PBXFileReference; lastKnownFileType = text.plist.xml; path = Info.plist; sourceTree = "<group>"; };
		869CC78F1AC2AE4F00939A39 /* MobileHexagen.h */ = {isa = PBXFileReference; lastKnownFileType = sourcecode.c.h; path = MobileHexagen.h; sourceTree = "<group>"; };
		869CC7951AC2AE4F00939A39 /* MobileHexagenTests.xctest */ = {isa = PBXFileReference; explicitFileType = wrapper.cfbundle; includeInIndex = 0; path = MobileHexagenTests.xctest; sourceTree = BUILT_PRODUCTS_DIR; };
		869CC79B1AC2AE4F00939A39 /* Info.plist */ = {isa = PBXFileReference; lastKnownFileType = text.plist.xml; path = Info.plist; sourceTree = "<group>"; };
		869CC79C1AC2AE4F00939A39 /* MobileHexagenTests.swift */ = {isa = PBXFileReference; lastKnownFileType = sourcecode.swift; path = MobileHexagenTests.swift; sourceTree = "<group>"; };
		869CC7A51AC2B1B300939A39 /* jump_arm_arm64_aapcs_macho_gas.S */ = {isa = PBXFileReference; fileEncoding = 4; lastKnownFileType = sourcecode.asm; path = jump_arm_arm64_aapcs_macho_gas.S; sourceTree = "<group>"; };
		869CC7A91AC2B1D100939A39 /* make_arm_arm64_aapcs_macho_gas.S */ = {isa = PBXFileReference; fileEncoding = 4; lastKnownFileType = sourcecode.asm; path = make_arm_arm64_aapcs_macho_gas.S; sourceTree = "<group>"; };
		86BCE84A1AC26464005C5DC6 /* lockpool.cpp */ = {isa = PBXFileReference; fileEncoding = 4; lastKnownFileType = sourcecode.cpp.cpp; path = lockpool.cpp; sourceTree = "<group>"; };
		86BCE84C1AC26464005C5DC6 /* chrono.cpp */ = {isa = PBXFileReference; fileEncoding = 4; lastKnownFileType = sourcecode.cpp.cpp; path = chrono.cpp; sourceTree = "<group>"; };
		86BCE84D1AC26464005C5DC6 /* process_cpu_clocks.cpp */ = {isa = PBXFileReference; fileEncoding = 4; lastKnownFileType = sourcecode.cpp.cpp; path = process_cpu_clocks.cpp; sourceTree = "<group>"; };
		86BCE84E1AC26464005C5DC6 /* thread_clock.cpp */ = {isa = PBXFileReference; fileEncoding = 4; lastKnownFileType = sourcecode.cpp.cpp; path = thread_clock.cpp; sourceTree = "<group>"; };
		86BCE8511AC26464005C5DC6 /* coroutine_context.cpp */ = {isa = PBXFileReference; fileEncoding = 4; lastKnownFileType = sourcecode.cpp.cpp; path = coroutine_context.cpp; sourceTree = "<group>"; };
		86BCE8521AC26464005C5DC6 /* exceptions.cpp */ = {isa = PBXFileReference; fileEncoding = 4; lastKnownFileType = sourcecode.cpp.cpp; path = exceptions.cpp; sourceTree = "<group>"; };
		86BCE8541AC26464005C5DC6 /* stack_traits.cpp */ = {isa = PBXFileReference; fileEncoding = 4; lastKnownFileType = sourcecode.cpp.cpp; path = stack_traits.cpp; sourceTree = "<group>"; };
		86BCE85A1AC26464005C5DC6 /* date_generators.cpp */ = {isa = PBXFileReference; fileEncoding = 4; lastKnownFileType = sourcecode.cpp.cpp; path = date_generators.cpp; sourceTree = "<group>"; };
		86BCE85B1AC26464005C5DC6 /* greg_month.cpp */ = {isa = PBXFileReference; fileEncoding = 4; lastKnownFileType = sourcecode.cpp.cpp; path = greg_month.cpp; sourceTree = "<group>"; };
		86BCE85C1AC26464005C5DC6 /* greg_names.hpp */ = {isa = PBXFileReference; fileEncoding = 4; lastKnownFileType = sourcecode.cpp.h; path = greg_names.hpp; sourceTree = "<group>"; };
		86BCE85D1AC26464005C5DC6 /* greg_weekday.cpp */ = {isa = PBXFileReference; fileEncoding = 4; lastKnownFileType = sourcecode.cpp.cpp; path = greg_weekday.cpp; sourceTree = "<group>"; };
		86BCE85E1AC26464005C5DC6 /* gregorian_types.cpp */ = {isa = PBXFileReference; fileEncoding = 4; lastKnownFileType = sourcecode.cpp.cpp; path = gregorian_types.cpp; sourceTree = "<group>"; };
		86BCE8601AC26464005C5DC6 /* posix_time_types.cpp */ = {isa = PBXFileReference; fileEncoding = 4; lastKnownFileType = sourcecode.cpp.cpp; path = posix_time_types.cpp; sourceTree = "<group>"; };
		86BCE8621AC26464005C5DC6 /* clone_current_exception_non_intrusive.cpp */ = {isa = PBXFileReference; fileEncoding = 4; lastKnownFileType = sourcecode.cpp.cpp; path = clone_current_exception_non_intrusive.cpp; sourceTree = "<group>"; };
		86BCE8641AC26464005C5DC6 /* sp_collector.cpp */ = {isa = PBXFileReference; fileEncoding = 4; lastKnownFileType = sourcecode.cpp.cpp; path = sp_collector.cpp; sourceTree = "<group>"; };
		86BCE8651AC26464005C5DC6 /* sp_debug_hooks.cpp */ = {isa = PBXFileReference; fileEncoding = 4; lastKnownFileType = sourcecode.cpp.cpp; path = sp_debug_hooks.cpp; sourceTree = "<group>"; };
		86BCE8671AC26465005C5DC6 /* error_code.cpp */ = {isa = PBXFileReference; fileEncoding = 4; lastKnownFileType = sourcecode.cpp.cpp; path = error_code.cpp; sourceTree = "<group>"; };
		86BCE8691AC26465005C5DC6 /* future.cpp */ = {isa = PBXFileReference; fileEncoding = 4; lastKnownFileType = sourcecode.cpp.cpp; path = future.cpp; sourceTree = "<group>"; };
		86BCE86B1AC26465005C5DC6 /* once.cpp */ = {isa = PBXFileReference; fileEncoding = 4; lastKnownFileType = sourcecode.cpp.cpp; path = once.cpp; sourceTree = "<group>"; };
		86BCE86C1AC26465005C5DC6 /* once_atomic.cpp */ = {isa = PBXFileReference; fileEncoding = 4; lastKnownFileType = sourcecode.cpp.cpp; path = once_atomic.cpp; sourceTree = "<group>"; };
		86BCE86D1AC26465005C5DC6 /* thread.cpp */ = {isa = PBXFileReference; fileEncoding = 4; lastKnownFileType = sourcecode.cpp.cpp; path = thread.cpp; sourceTree = "<group>"; };
		86BCE86F1AC26466005C5DC6 /* tss_null.cpp */ = {isa = PBXFileReference; fileEncoding = 4; lastKnownFileType = sourcecode.cpp.cpp; path = tss_null.cpp; sourceTree = "<group>"; };
		86BCE8921AC26478005C5DC6 /* include */ = {isa = PBXFileReference; lastKnownFileType = folder; path = include; sourceTree = "<group>"; };
		86BCE8981AC272FE005C5DC6 /* jump_arm_aapcs_macho_gas.S */ = {isa = PBXFileReference; fileEncoding = 4; lastKnownFileType = sourcecode.asm; path = jump_arm_aapcs_macho_gas.S; sourceTree = "<group>"; };
		86BCE89A1AC272FE005C5DC6 /* jump_i386_sysv_macho_gas.S */ = {isa = PBXFileReference; fileEncoding = 4; lastKnownFileType = sourcecode.asm; path = jump_i386_sysv_macho_gas.S; sourceTree = "<group>"; };
		86BCE89B1AC272FE005C5DC6 /* jump_i386_x86_64_sysv_macho_gas.S */ = {isa = PBXFileReference; fileEncoding = 4; lastKnownFileType = sourcecode.asm; path = jump_i386_x86_64_sysv_macho_gas.S; sourceTree = "<group>"; };
		86BCE89C1AC272FE005C5DC6 /* jump_x86_64_sysv_macho_gas.S */ = {isa = PBXFileReference; fileEncoding = 4; lastKnownFileType = sourcecode.asm; path = jump_x86_64_sysv_macho_gas.S; sourceTree = "<group>"; };
		86BCE89D1AC272FE005C5DC6 /* make_arm_aapcs_macho_gas.S */ = {isa = PBXFileReference; fileEncoding = 4; lastKnownFileType = sourcecode.asm; path = make_arm_aapcs_macho_gas.S; sourceTree = "<group>"; };
		86BCE89F1AC272FE005C5DC6 /* make_i386_sysv_macho_gas.S */ = {isa = PBXFileReference; fileEncoding = 4; lastKnownFileType = sourcecode.asm; path = make_i386_sysv_macho_gas.S; sourceTree = "<group>"; };
		86BCE8A01AC272FE005C5DC6 /* make_i386_x86_64_sysv_macho_gas.S */ = {isa = PBXFileReference; fileEncoding = 4; lastKnownFileType = sourcecode.asm; path = make_i386_x86_64_sysv_macho_gas.S; sourceTree = "<group>"; };
		86BCE8A11AC272FE005C5DC6 /* make_x86_64_sysv_macho_gas.S */ = {isa = PBXFileReference; fileEncoding = 4; lastKnownFileType = sourcecode.asm; path = make_x86_64_sysv_macho_gas.S; sourceTree = "<group>"; };
		86BCE8AE1AC27B4D005C5DC6 /* jump_arm64_aapcs_macho_gas.S */ = {isa = PBXFileReference; lastKnownFileType = sourcecode.asm; path = jump_arm64_aapcs_macho_gas.S; sourceTree = "<group>"; };
		86BCE8AF1AC27B4D005C5DC6 /* make_arm64_aapcs_macho_gas.S */ = {isa = PBXFileReference; lastKnownFileType = sourcecode.asm; path = make_arm64_aapcs_macho_gas.S; sourceTree = "<group>"; };
		86D0E8E01A97540D005E77BA /* Hexagen.framework */ = {isa = PBXFileReference; explicitFileType = wrapper.framework; includeInIndex = 0; path = Hexagen.framework; sourceTree = BUILT_PRODUCTS_DIR; };
		86D0E8E41A97540E005E77BA /* Info.plist */ = {isa = PBXFileReference; lastKnownFileType = text.plist.xml; path = Info.plist; sourceTree = "<group>"; };
		86D0E8EB1A975412005E77BA /* HexagenTests.xctest */ = {isa = PBXFileReference; explicitFileType = wrapper.cfbundle; includeInIndex = 0; path = HexagenTests.xctest; sourceTree = BUILT_PRODUCTS_DIR; };
		86D0E8F11A975413005E77BA /* Info.plist */ = {isa = PBXFileReference; lastKnownFileType = text.plist.xml; path = Info.plist; sourceTree = "<group>"; };
		86D0E8F21A975414005E77BA /* HexagenTests.swift */ = {isa = PBXFileReference; lastKnownFileType = sourcecode.swift; path = HexagenTests.swift; sourceTree = "<group>"; };
		86D0E8FC1A975A92005E77BA /* Generator.swift */ = {isa = PBXFileReference; fileEncoding = 4; lastKnownFileType = sourcecode.swift; path = Generator.swift; sourceTree = "<group>"; };
		86D91E0A1AA365D100E86F79 /* Channel.swift */ = {isa = PBXFileReference; fileEncoding = 4; lastKnownFileType = sourcecode.swift; path = Channel.swift; sourceTree = "<group>"; };
		86D91E0C1AA3663D00E86F79 /* Utils.swift */ = {isa = PBXFileReference; fileEncoding = 4; lastKnownFileType = sourcecode.swift; path = Utils.swift; sourceTree = "<group>"; };
		86D91E111AA3B7FA00E86F79 /* LICENSE.md */ = {isa = PBXFileReference; lastKnownFileType = net.daringfireball.markdown; path = LICENSE.md; sourceTree = "<group>"; };
		86D91E141AA3CAC300E86F79 /* Wrapper.h */ = {isa = PBXFileReference; lastKnownFileType = sourcecode.c.h; path = Wrapper.h; sourceTree = "<group>"; };
		86D91E151AA3CAC300E86F79 /* Wrapper.cpp */ = {isa = PBXFileReference; lastKnownFileType = sourcecode.cpp.cpp; path = Wrapper.cpp; sourceTree = "<group>"; };
		86D91E191AA3CAF500E86F79 /* Hexagen.h */ = {isa = PBXFileReference; fileEncoding = 4; lastKnownFileType = sourcecode.c.h; path = Hexagen.h; sourceTree = "<group>"; };
		86D91E1B1AA4047800E86F79 /* Promise+Awaitable.swift */ = {isa = PBXFileReference; fileEncoding = 4; lastKnownFileType = sourcecode.swift; path = "Promise+Awaitable.swift"; sourceTree = "<group>"; };
		86D91E1C1AA4047800E86F79 /* PromiseSequence.swift */ = {isa = PBXFileReference; fileEncoding = 4; lastKnownFileType = sourcecode.swift; path = PromiseSequence.swift; sourceTree = "<group>"; };
		86D91E431AA46F7E00E86F79 /* Timer.swift */ = {isa = PBXFileReference; fileEncoding = 4; lastKnownFileType = sourcecode.swift; path = Timer.swift; sourceTree = "<group>"; };
		86D91E451AA480BB00E86F79 /* Awaitable.swift */ = {isa = PBXFileReference; fileEncoding = 4; lastKnownFileType = sourcecode.swift; path = Awaitable.swift; sourceTree = "<group>"; };
		86DD822D1AB96D9E0097EF96 /* Promise.swift */ = {isa = PBXFileReference; fileEncoding = 4; lastKnownFileType = sourcecode.swift; path = Promise.swift; sourceTree = "<group>"; };
/* End PBXFileReference section */

/* Begin PBXFrameworksBuildPhase section */
		860F6DBC1AA136E200335793 /* Frameworks */ = {
			isa = PBXFrameworksBuildPhase;
			buildActionMask = 2147483647;
			files = (
				860F6DF31AA1589C00335793 /* Hexagen.framework in Frameworks */,
			);
			runOnlyForDeploymentPostprocessing = 0;
		};
		869CC7921AC2AE4F00939A39 /* Frameworks */ = {
			isa = PBXFrameworksBuildPhase;
			buildActionMask = 2147483647;
			files = (
				869CC7961AC2AE4F00939A39 /* MobileHexagen.framework in Frameworks */,
			);
			runOnlyForDeploymentPostprocessing = 0;
		};
		86D0E8DC1A97540A005E77BA /* Frameworks */ = {
			isa = PBXFrameworksBuildPhase;
			buildActionMask = 2147483647;
			files = (
			);
			runOnlyForDeploymentPostprocessing = 0;
		};
		86D0E8E81A975412005E77BA /* Frameworks */ = {
			isa = PBXFrameworksBuildPhase;
			buildActionMask = 2147483647;
			files = (
				86D0E8EC1A975412005E77BA /* Hexagen.framework in Frameworks */,
			);
			runOnlyForDeploymentPostprocessing = 0;
		};
/* End PBXFrameworksBuildPhase section */

/* Begin PBXGroup section */
		860F6DC01AA136E200335793 /* HexagenExamples */ = {
			isa = PBXGroup;
			children = (
				860F6DC11AA136E200335793 /* main.swift */,
			);
			path = HexagenExamples;
			sourceTree = "<group>";
		};
		860F6E251AA1B35D00335793 /* Swift */ = {
			isa = PBXGroup;
			children = (
				860F6DF51AA17C5100335793 /* Coroutine.swift */,
				86D0E8FC1A975A92005E77BA /* Generator.swift */,
				86DD822D1AB96D9E0097EF96 /* Promise.swift */,
				86D91E071AA3651200E86F79 /* Task */,
				860F6E281AA2079D00335793 /* Internal */,
			);
			path = Swift;
			sourceTree = "<group>";
		};
		860F6E281AA2079D00335793 /* Internal */ = {
			isa = PBXGroup;
			children = (
				86D91E0C1AA3663D00E86F79 /* Utils.swift */,
				860F6E291AA2085900335793 /* Queue.swift */,
			);
			path = Internal;
			sourceTree = "<group>";
		};
		869CC78C1AC2AE4F00939A39 /* MobileHexagen */ = {
			isa = PBXGroup;
			children = (
				869CC78F1AC2AE4F00939A39 /* MobileHexagen.h */,
				869CC78E1AC2AE4F00939A39 /* Info.plist */,
			);
			path = MobileHexagen;
			sourceTree = "<group>";
		};
		869CC7991AC2AE4F00939A39 /* MobileHexagenTests */ = {
			isa = PBXGroup;
			children = (
				869CC79C1AC2AE4F00939A39 /* MobileHexagenTests.swift */,
				869CC79B1AC2AE4F00939A39 /* Info.plist */,
			);
			path = MobileHexagenTests;
			sourceTree = "<group>";
		};
		86BCE8471AC25A35005C5DC6 /* Boost */ = {
			isa = PBXGroup;
			children = (
				86BCE8921AC26478005C5DC6 /* include */,
				86BCE8481AC26463005C5DC6 /* src */,
			);
			path = Boost;
			sourceTree = "<group>";
		};
		86BCE8481AC26463005C5DC6 /* src */ = {
			isa = PBXGroup;
			children = (
				86BCE8491AC26463005C5DC6 /* atomic */,
				86BCE84B1AC26464005C5DC6 /* chrono */,
				86BCE8961AC272FE005C5DC6 /* context */,
				86BCE84F1AC26464005C5DC6 /* coroutine */,
				86BCE8571AC26464005C5DC6 /* date_time */,
				86BCE8611AC26464005C5DC6 /* exception */,
				86BCE8631AC26464005C5DC6 /* smart_ptr */,
				86BCE8661AC26464005C5DC6 /* system */,
				86BCE8681AC26465005C5DC6 /* thread */,
			);
			path = src;
			sourceTree = "<group>";
		};
		86BCE8491AC26463005C5DC6 /* atomic */ = {
			isa = PBXGroup;
			children = (
				86BCE84A1AC26464005C5DC6 /* lockpool.cpp */,
			);
			path = atomic;
			sourceTree = "<group>";
		};
		86BCE84B1AC26464005C5DC6 /* chrono */ = {
			isa = PBXGroup;
			children = (
				86BCE84C1AC26464005C5DC6 /* chrono.cpp */,
				86BCE84D1AC26464005C5DC6 /* process_cpu_clocks.cpp */,
				86BCE84E1AC26464005C5DC6 /* thread_clock.cpp */,
			);
			path = chrono;
			sourceTree = "<group>";
		};
		86BCE84F1AC26464005C5DC6 /* coroutine */ = {
			isa = PBXGroup;
			children = (
				86BCE8501AC26464005C5DC6 /* detail */,
				86BCE8521AC26464005C5DC6 /* exceptions.cpp */,
				86BCE8531AC26464005C5DC6 /* posix */,
			);
			path = coroutine;
			sourceTree = "<group>";
		};
		86BCE8501AC26464005C5DC6 /* detail */ = {
			isa = PBXGroup;
			children = (
				86BCE8511AC26464005C5DC6 /* coroutine_context.cpp */,
			);
			path = detail;
			sourceTree = "<group>";
		};
		86BCE8531AC26464005C5DC6 /* posix */ = {
			isa = PBXGroup;
			children = (
				86BCE8541AC26464005C5DC6 /* stack_traits.cpp */,
			);
			path = posix;
			sourceTree = "<group>";
		};
		86BCE8571AC26464005C5DC6 /* date_time */ = {
			isa = PBXGroup;
			children = (
				86BCE8591AC26464005C5DC6 /* gregorian */,
				86BCE85F1AC26464005C5DC6 /* posix_time */,
			);
			path = date_time;
			sourceTree = "<group>";
		};
		86BCE8591AC26464005C5DC6 /* gregorian */ = {
			isa = PBXGroup;
			children = (
				86BCE85A1AC26464005C5DC6 /* date_generators.cpp */,
				86BCE85B1AC26464005C5DC6 /* greg_month.cpp */,
				86BCE85C1AC26464005C5DC6 /* greg_names.hpp */,
				86BCE85D1AC26464005C5DC6 /* greg_weekday.cpp */,
				86BCE85E1AC26464005C5DC6 /* gregorian_types.cpp */,
			);
			path = gregorian;
			sourceTree = "<group>";
		};
		86BCE85F1AC26464005C5DC6 /* posix_time */ = {
			isa = PBXGroup;
			children = (
				86BCE8601AC26464005C5DC6 /* posix_time_types.cpp */,
			);
			path = posix_time;
			sourceTree = "<group>";
		};
		86BCE8611AC26464005C5DC6 /* exception */ = {
			isa = PBXGroup;
			children = (
				86BCE8621AC26464005C5DC6 /* clone_current_exception_non_intrusive.cpp */,
			);
			path = exception;
			sourceTree = "<group>";
		};
		86BCE8631AC26464005C5DC6 /* smart_ptr */ = {
			isa = PBXGroup;
			children = (
				86BCE8641AC26464005C5DC6 /* sp_collector.cpp */,
				86BCE8651AC26464005C5DC6 /* sp_debug_hooks.cpp */,
			);
			path = smart_ptr;
			sourceTree = "<group>";
		};
		86BCE8661AC26464005C5DC6 /* system */ = {
			isa = PBXGroup;
			children = (
				86BCE8671AC26465005C5DC6 /* error_code.cpp */,
			);
			path = system;
			sourceTree = "<group>";
		};
		86BCE8681AC26465005C5DC6 /* thread */ = {
			isa = PBXGroup;
			children = (
				86BCE8691AC26465005C5DC6 /* future.cpp */,
				86BCE86A1AC26465005C5DC6 /* pthread */,
				86BCE86F1AC26466005C5DC6 /* tss_null.cpp */,
			);
			path = thread;
			sourceTree = "<group>";
		};
		86BCE86A1AC26465005C5DC6 /* pthread */ = {
			isa = PBXGroup;
			children = (
				86BCE86B1AC26465005C5DC6 /* once.cpp */,
				86BCE86C1AC26465005C5DC6 /* once_atomic.cpp */,
				86BCE86D1AC26465005C5DC6 /* thread.cpp */,
			);
			path = pthread;
			sourceTree = "<group>";
		};
		86BCE8961AC272FE005C5DC6 /* context */ = {
			isa = PBXGroup;
			children = (
				86BCE8971AC272FE005C5DC6 /* asm */,
			);
			path = context;
			sourceTree = "<group>";
		};
		86BCE8971AC272FE005C5DC6 /* asm */ = {
			isa = PBXGroup;
			children = (
				86BCE8981AC272FE005C5DC6 /* jump_arm_aapcs_macho_gas.S */,
				869CC7A51AC2B1B300939A39 /* jump_arm_arm64_aapcs_macho_gas.S */,
				86BCE8AE1AC27B4D005C5DC6 /* jump_arm64_aapcs_macho_gas.S */,
				86BCE89A1AC272FE005C5DC6 /* jump_i386_sysv_macho_gas.S */,
				86BCE89B1AC272FE005C5DC6 /* jump_i386_x86_64_sysv_macho_gas.S */,
				86BCE89C1AC272FE005C5DC6 /* jump_x86_64_sysv_macho_gas.S */,
				86BCE89D1AC272FE005C5DC6 /* make_arm_aapcs_macho_gas.S */,
				869CC7A91AC2B1D100939A39 /* make_arm_arm64_aapcs_macho_gas.S */,
				86BCE8AF1AC27B4D005C5DC6 /* make_arm64_aapcs_macho_gas.S */,
				86BCE89F1AC272FE005C5DC6 /* make_i386_sysv_macho_gas.S */,
				86BCE8A01AC272FE005C5DC6 /* make_i386_x86_64_sysv_macho_gas.S */,
				86BCE8A11AC272FE005C5DC6 /* make_x86_64_sysv_macho_gas.S */,
			);
			path = asm;
			sourceTree = "<group>";
		};
		86D0E8D61A975405005E77BA = {
			isa = PBXGroup;
			children = (
				860F6DF41AA1701200335793 /* README.md */,
				86D91E111AA3B7FA00E86F79 /* LICENSE.md */,
				86D0E8E21A97540D005E77BA /* Hexagen */,
				86D0E8EF1A975412005E77BA /* HexagenTests */,
				860F6DC01AA136E200335793 /* HexagenExamples */,
				869CC78C1AC2AE4F00939A39 /* MobileHexagen */,
				869CC7991AC2AE4F00939A39 /* MobileHexagenTests */,
				86D0E8E11A97540D005E77BA /* Products */,
			);
			sourceTree = "<group>";
		};
		86D0E8E11A97540D005E77BA /* Products */ = {
			isa = PBXGroup;
			children = (
				86D0E8E01A97540D005E77BA /* Hexagen.framework */,
				86D0E8EB1A975412005E77BA /* HexagenTests.xctest */,
				860F6DBF1AA136E200335793 /* HexagenExamples */,
				869CC78B1AC2AE4F00939A39 /* MobileHexagen.framework */,
				869CC7951AC2AE4F00939A39 /* MobileHexagenTests.xctest */,
			);
			name = Products;
			sourceTree = "<group>";
		};
		86D0E8E21A97540D005E77BA /* Hexagen */ = {
			isa = PBXGroup;
			children = (
				86D91E191AA3CAF500E86F79 /* Hexagen.h */,
				86D0E8E41A97540E005E77BA /* Info.plist */,
				86BCE8471AC25A35005C5DC6 /* Boost */,
				86D91E121AA3CAC300E86F79 /* Wrapper */,
				860F6E251AA1B35D00335793 /* Swift */,
			);
			path = Hexagen;
			sourceTree = "<group>";
		};
		86D0E8EF1A975412005E77BA /* HexagenTests */ = {
			isa = PBXGroup;
			children = (
				86D0E8F21A975414005E77BA /* HexagenTests.swift */,
				86D0E8F11A975413005E77BA /* Info.plist */,
			);
			path = HexagenTests;
			sourceTree = "<group>";
		};
		86D91E071AA3651200E86F79 /* Task */ = {
			isa = PBXGroup;
			children = (
				86D91E451AA480BB00E86F79 /* Awaitable.swift */,
				86D91E1B1AA4047800E86F79 /* Promise+Awaitable.swift */,
				860F6E261AA1B71C00335793 /* Task.swift */,
				86D91E0A1AA365D100E86F79 /* Channel.swift */,
				86D91E1C1AA4047800E86F79 /* PromiseSequence.swift */,
				864EE6601AB2916A00F537FB /* GeneratorTask.swift */,
				86D91E431AA46F7E00E86F79 /* Timer.swift */,
			);
			path = Task;
			sourceTree = "<group>";
		};
		86D91E121AA3CAC300E86F79 /* Wrapper */ = {
			isa = PBXGroup;
			children = (
				860434A01AAE67A20076B28A /* Wrapper.pch */,
				86D91E141AA3CAC300E86F79 /* Wrapper.h */,
				86D91E151AA3CAC300E86F79 /* Wrapper.cpp */,
			);
			path = Wrapper;
			sourceTree = "<group>";
		};
/* End PBXGroup section */

/* Begin PBXHeadersBuildPhase section */
		869CC7881AC2AE4F00939A39 /* Headers */ = {
			isa = PBXHeadersBuildPhase;
			buildActionMask = 2147483647;
			files = (
				869CC7D11AC2B7EA00939A39 /* Wrapper.h in Headers */,
				869CC7901AC2AE4F00939A39 /* MobileHexagen.h in Headers */,
			);
			runOnlyForDeploymentPostprocessing = 0;
		};
		86D0E8DD1A97540A005E77BA /* Headers */ = {
			isa = PBXHeadersBuildPhase;
			buildActionMask = 2147483647;
			files = (
				86D91E1A1AA3CAF500E86F79 /* Hexagen.h in Headers */,
				86D91E171AA3CACB00E86F79 /* Wrapper.h in Headers */,
			);
			runOnlyForDeploymentPostprocessing = 0;
		};
/* End PBXHeadersBuildPhase section */

/* Begin PBXNativeTarget section */
		860F6DBE1AA136E200335793 /* HexagenExamples */ = {
			isa = PBXNativeTarget;
			buildConfigurationList = 860F6DC31AA136E200335793 /* Build configuration list for PBXNativeTarget "HexagenExamples" */;
			buildPhases = (
				860F6DBB1AA136E200335793 /* Sources */,
				860F6DBC1AA136E200335793 /* Frameworks */,
				860F6DBD1AA136E200335793 /* CopyFiles */,
			);
			buildRules = (
			);
			dependencies = (
			);
			name = HexagenExamples;
			productName = HexagenExamples;
			productReference = 860F6DBF1AA136E200335793 /* HexagenExamples */;
			productType = "com.apple.product-type.tool";
		};
		869CC78A1AC2AE4F00939A39 /* MobileHexagen */ = {
			isa = PBXNativeTarget;
			buildConfigurationList = 869CC79E1AC2AE4F00939A39 /* Build configuration list for PBXNativeTarget "MobileHexagen" */;
			buildPhases = (
				869CC7861AC2AE4F00939A39 /* Sources */,
				869CC7871AC2AE4F00939A39 /* Frameworks */,
				869CC7881AC2AE4F00939A39 /* Headers */,
				869CC7891AC2AE4F00939A39 /* Resources */,
			);
			buildRules = (
			);
			dependencies = (
			);
			name = MobileHexagen;
			productName = MobileHexagen;
			productReference = 869CC78B1AC2AE4F00939A39 /* MobileHexagen.framework */;
			productType = "com.apple.product-type.framework";
		};
		869CC7941AC2AE4F00939A39 /* MobileHexagenTests */ = {
			isa = PBXNativeTarget;
			buildConfigurationList = 869CC7A11AC2AE4F00939A39 /* Build configuration list for PBXNativeTarget "MobileHexagenTests" */;
			buildPhases = (
				869CC7911AC2AE4F00939A39 /* Sources */,
				869CC7921AC2AE4F00939A39 /* Frameworks */,
				869CC7931AC2AE4F00939A39 /* Resources */,
			);
			buildRules = (
			);
			dependencies = (
				869CC7981AC2AE4F00939A39 /* PBXTargetDependency */,
			);
			name = MobileHexagenTests;
			productName = MobileHexagenTests;
			productReference = 869CC7951AC2AE4F00939A39 /* MobileHexagenTests.xctest */;
			productType = "com.apple.product-type.bundle.unit-test";
		};
		86D0E8DF1A97540A005E77BA /* Hexagen */ = {
			isa = PBXNativeTarget;
			buildConfigurationList = 86D0E8F61A975414005E77BA /* Build configuration list for PBXNativeTarget "Hexagen" */;
			buildPhases = (
				86D0E8DB1A97540A005E77BA /* Sources */,
				86D0E8DC1A97540A005E77BA /* Frameworks */,
				86D0E8DD1A97540A005E77BA /* Headers */,
				86D0E8DE1A97540A005E77BA /* Resources */,
			);
			buildRules = (
			);
			dependencies = (
			);
			name = Hexagen;
			productName = Hexagen;
			productReference = 86D0E8E01A97540D005E77BA /* Hexagen.framework */;
			productType = "com.apple.product-type.framework";
		};
		86D0E8EA1A975412005E77BA /* HexagenTests */ = {
			isa = PBXNativeTarget;
			buildConfigurationList = 86D0E8F91A975414005E77BA /* Build configuration list for PBXNativeTarget "HexagenTests" */;
			buildPhases = (
				86D0E8E71A975412005E77BA /* Sources */,
				86D0E8E81A975412005E77BA /* Frameworks */,
				86D0E8E91A975412005E77BA /* Resources */,
			);
			buildRules = (
			);
			dependencies = (
				86D0E8EE1A975412005E77BA /* PBXTargetDependency */,
			);
			name = HexagenTests;
			productName = HexagenTests;
			productReference = 86D0E8EB1A975412005E77BA /* HexagenTests.xctest */;
			productType = "com.apple.product-type.bundle.unit-test";
		};
/* End PBXNativeTarget section */

/* Begin PBXProject section */
		86D0E8D71A975406005E77BA /* Project object */ = {
			isa = PBXProject;
			attributes = {
				LastUpgradeCheck = 0630;
				ORGANIZATIONNAME = "Alice Atlas";
				TargetAttributes = {
					860F6DBE1AA136E200335793 = {
						CreatedOnToolsVersion = 6.3;
					};
					869CC78A1AC2AE4F00939A39 = {
						CreatedOnToolsVersion = 6.3;
					};
					869CC7941AC2AE4F00939A39 = {
						CreatedOnToolsVersion = 6.3;
					};
					86D0E8DF1A97540A005E77BA = {
						CreatedOnToolsVersion = 6.3;
					};
					86D0E8EA1A975412005E77BA = {
						CreatedOnToolsVersion = 6.3;
					};
				};
			};
			buildConfigurationList = 86D0E8DA1A975408005E77BA /* Build configuration list for PBXProject "Hexagen" */;
			compatibilityVersion = "Xcode 3.2";
			developmentRegion = English;
			hasScannedForEncodings = 0;
			knownRegions = (
				en,
			);
			mainGroup = 86D0E8D61A975405005E77BA;
			productRefGroup = 86D0E8E11A97540D005E77BA /* Products */;
			projectDirPath = "";
			projectRoot = "";
			targets = (
				86D0E8DF1A97540A005E77BA /* Hexagen */,
				86D0E8EA1A975412005E77BA /* HexagenTests */,
				860F6DBE1AA136E200335793 /* HexagenExamples */,
				869CC78A1AC2AE4F00939A39 /* MobileHexagen */,
				869CC7941AC2AE4F00939A39 /* MobileHexagenTests */,
			);
		};
/* End PBXProject section */

/* Begin PBXResourcesBuildPhase section */
		869CC7891AC2AE4F00939A39 /* Resources */ = {
			isa = PBXResourcesBuildPhase;
			buildActionMask = 2147483647;
			files = (
			);
			runOnlyForDeploymentPostprocessing = 0;
		};
		869CC7931AC2AE4F00939A39 /* Resources */ = {
			isa = PBXResourcesBuildPhase;
			buildActionMask = 2147483647;
			files = (
			);
			runOnlyForDeploymentPostprocessing = 0;
		};
		86D0E8DE1A97540A005E77BA /* Resources */ = {
			isa = PBXResourcesBuildPhase;
			buildActionMask = 2147483647;
			files = (
			);
			runOnlyForDeploymentPostprocessing = 0;
		};
		86D0E8E91A975412005E77BA /* Resources */ = {
			isa = PBXResourcesBuildPhase;
			buildActionMask = 2147483647;
			files = (
			);
			runOnlyForDeploymentPostprocessing = 0;
		};
/* End PBXResourcesBuildPhase section */

/* Begin PBXSourcesBuildPhase section */
		860F6DBB1AA136E200335793 /* Sources */ = {
			isa = PBXSourcesBuildPhase;
			buildActionMask = 2147483647;
			files = (
				860F6DC21AA136E200335793 /* main.swift in Sources */,
			);
			runOnlyForDeploymentPostprocessing = 0;
		};
		869CC7861AC2AE4F00939A39 /* Sources */ = {
			isa = PBXSourcesBuildPhase;
			buildActionMask = 2147483647;
			files = (
				869CC7B81AC2B57700939A39 /* sp_collector.cpp in Sources */,
				869CC7AE1AC2B55F00939A39 /* thread_clock.cpp in Sources */,
				869CC7B61AC2B57700939A39 /* posix_time_types.cpp in Sources */,
				869CC7CF1AC2B7D400939A39 /* Queue.swift in Sources */,
				869CC7AB1AC2B55F00939A39 /* lockpool.cpp in Sources */,
				869CC7B41AC2B57700939A39 /* greg_weekday.cpp in Sources */,
				869CC7B91AC2B57700939A39 /* sp_debug_hooks.cpp in Sources */,
				869CC7AF1AC2B57700939A39 /* coroutine_context.cpp in Sources */,
				869CC7C31AC2B7D400939A39 /* Promise.swift in Sources */,
				869CC7C91AC2B7D400939A39 /* PromiseSequence.swift in Sources */,
				869CC7AD1AC2B55F00939A39 /* process_cpu_clocks.cpp in Sources */,
				869CC7A61AC2B1B300939A39 /* jump_arm_arm64_aapcs_macho_gas.S in Sources */,
				869CC7B51AC2B57700939A39 /* gregorian_types.cpp in Sources */,
				869CC7BB1AC2B57700939A39 /* future.cpp in Sources */,
				869CC7CE1AC2B7D400939A39 /* Utils.swift in Sources */,
				869CC7BD1AC2B57700939A39 /* thread.cpp in Sources */,
				869CC7BC1AC2B57700939A39 /* once_atomic.cpp in Sources */,
				869CC7AA1AC2B1D100939A39 /* make_arm_arm64_aapcs_macho_gas.S in Sources */,
				869CC7C61AC2B7D400939A39 /* Promise+Awaitable.swift in Sources */,
				869CC7B01AC2B57700939A39 /* exceptions.cpp in Sources */,
				869CC7B11AC2B57700939A39 /* stack_traits.cpp in Sources */,
				869CC7BE1AC2B57700939A39 /* tss_null.cpp in Sources */,
				869CC7CA1AC2B7D400939A39 /* GeneratorTask.swift in Sources */,
				869CC7A41AC2B12D00939A39 /* Wrapper.cpp in Sources */,
				869CC7C11AC2B7D400939A39 /* Coroutine.swift in Sources */,
				869CC7B31AC2B57700939A39 /* greg_month.cpp in Sources */,
				869CC7C81AC2B7D400939A39 /* Channel.swift in Sources */,
				869CC7C71AC2B7D400939A39 /* Task.swift in Sources */,
				869CC7B71AC2B57700939A39 /* clone_current_exception_non_intrusive.cpp in Sources */,
				869CC7B21AC2B57700939A39 /* date_generators.cpp in Sources */,
				869CC7C51AC2B7D400939A39 /* Awaitable.swift in Sources */,
				869CC7BA1AC2B57700939A39 /* error_code.cpp in Sources */,
				869CC7AC1AC2B55F00939A39 /* chrono.cpp in Sources */,
				869CC7C21AC2B7D400939A39 /* Generator.swift in Sources */,
				869CC7CB1AC2B7D400939A39 /* Timer.swift in Sources */,
			);
			runOnlyForDeploymentPostprocessing = 0;
		};
		869CC7911AC2AE4F00939A39 /* Sources */ = {
			isa = PBXSourcesBuildPhase;
			buildActionMask = 2147483647;
			files = (
				869CC79D1AC2AE4F00939A39 /* MobileHexagenTests.swift in Sources */,
			);
			runOnlyForDeploymentPostprocessing = 0;
		};
		86D0E8DB1A97540A005E77BA /* Sources */ = {
			isa = PBXSourcesBuildPhase;
			buildActionMask = 2147483647;
			files = (
				86BCE87A1AC26466005C5DC6 /* exceptions.cpp in Sources */,
				86BCE8781AC26466005C5DC6 /* thread_clock.cpp in Sources */,
				86D91E0B1AA365D100E86F79 /* Channel.swift in Sources */,
				86BCE8AD1AC27439005C5DC6 /* make_i386_x86_64_sysv_macho_gas.S in Sources */,
				86BCE8761AC26466005C5DC6 /* chrono.cpp in Sources */,
				86D91E461AA480BB00E86F79 /* Awaitable.swift in Sources */,
				86BCE8821AC26466005C5DC6 /* gregorian_types.cpp in Sources */,
				86BCE8791AC26466005C5DC6 /* coroutine_context.cpp in Sources */,
				86BCE8771AC26466005C5DC6 /* process_cpu_clocks.cpp in Sources */,
				86DD822E1AB96D9E0097EF96 /* Promise.swift in Sources */,
				86BCE8851AC26466005C5DC6 /* sp_collector.cpp in Sources */,
				86BCE87E1AC26466005C5DC6 /* date_generators.cpp in Sources */,
				86BCE8751AC26466005C5DC6 /* lockpool.cpp in Sources */,
				86BCE8811AC26466005C5DC6 /* greg_weekday.cpp in Sources */,
				860F6E2A1AA2085900335793 /* Queue.swift in Sources */,
				86D91E441AA46F7E00E86F79 /* Timer.swift in Sources */,
				86BCE8831AC26466005C5DC6 /* posix_time_types.cpp in Sources */,
				860F6E271AA1B71C00335793 /* Task.swift in Sources */,
				864EE6611AB2916A00F537FB /* GeneratorTask.swift in Sources */,
				860F6DBA1AA12DD400335793 /* Generator.swift in Sources */,
				86BCE8841AC26466005C5DC6 /* clone_current_exception_non_intrusive.cpp in Sources */,
				860F6DF61AA17C5100335793 /* Coroutine.swift in Sources */,
				86BCE88D1AC26466005C5DC6 /* tss_null.cpp in Sources */,
				86BCE87F1AC26466005C5DC6 /* greg_month.cpp in Sources */,
				86D91E471AA4894700E86F79 /* PromiseSequence.swift in Sources */,
				86BCE8871AC26466005C5DC6 /* error_code.cpp in Sources */,
				86D91E0D1AA3663D00E86F79 /* Utils.swift in Sources */,
				86BCE8AC1AC27439005C5DC6 /* jump_i386_x86_64_sysv_macho_gas.S in Sources */,
				86D91E181AA3CACB00E86F79 /* Wrapper.cpp in Sources */,
				86BCE8881AC26466005C5DC6 /* future.cpp in Sources */,
				86BCE88A1AC26466005C5DC6 /* once_atomic.cpp in Sources */,
				86BCE8861AC26466005C5DC6 /* sp_debug_hooks.cpp in Sources */,
				86BCE87B1AC26466005C5DC6 /* stack_traits.cpp in Sources */,
				86BCE88B1AC26466005C5DC6 /* thread.cpp in Sources */,
				86D91E1D1AA4047800E86F79 /* Promise+Awaitable.swift in Sources */,
			);
			runOnlyForDeploymentPostprocessing = 0;
		};
		86D0E8E71A975412005E77BA /* Sources */ = {
			isa = PBXSourcesBuildPhase;
			buildActionMask = 2147483647;
			files = (
				86D0E8F31A975414005E77BA /* HexagenTests.swift in Sources */,
			);
			runOnlyForDeploymentPostprocessing = 0;
		};
/* End PBXSourcesBuildPhase section */

/* Begin PBXTargetDependency section */
		869CC7981AC2AE4F00939A39 /* PBXTargetDependency */ = {
			isa = PBXTargetDependency;
			target = 869CC78A1AC2AE4F00939A39 /* MobileHexagen */;
			targetProxy = 869CC7971AC2AE4F00939A39 /* PBXContainerItemProxy */;
		};
		86D0E8EE1A975412005E77BA /* PBXTargetDependency */ = {
			isa = PBXTargetDependency;
			target = 86D0E8DF1A97540A005E77BA /* Hexagen */;
			targetProxy = 86D0E8ED1A975412005E77BA /* PBXContainerItemProxy */;
		};
/* End PBXTargetDependency section */

/* Begin XCBuildConfiguration section */
		860F6DC41AA136E200335793 /* Debug */ = {
			isa = XCBuildConfiguration;
			buildSettings = {
				EMBEDDED_CONTENT_CONTAINS_SWIFT = YES;
				GCC_NO_COMMON_BLOCKS = YES;
				GCC_PREPROCESSOR_DEFINITIONS = (
					"DEBUG=1",
					"$(inherited)",
				);
				PRODUCT_NAME = HexagenExamples;
			};
			name = Debug;
		};
		860F6DC51AA136E200335793 /* Release */ = {
			isa = XCBuildConfiguration;
			buildSettings = {
				EMBEDDED_CONTENT_CONTAINS_SWIFT = YES;
				GCC_NO_COMMON_BLOCKS = YES;
				PRODUCT_NAME = HexagenExamples;
			};
			name = Release;
		};
		869CC79F1AC2AE4F00939A39 /* Debug */ = {
			isa = XCBuildConfiguration;
			buildSettings = {
				CLANG_CXX_LANGUAGE_STANDARD = "gnu++14";
				"CODE_SIGN_IDENTITY[sdk=iphoneos*]" = "iPhone Developer";
				DEBUG_INFORMATION_FORMAT = "dwarf-with-dsym";
				DEFINES_MODULE = YES;
				DYLIB_COMPATIBILITY_VERSION = 1;
				DYLIB_CURRENT_VERSION = 1;
				DYLIB_INSTALL_NAME_BASE = "@rpath";
				GCC_NO_COMMON_BLOCKS = YES;
				GCC_PRECOMPILE_PREFIX_HEADER = YES;
				GCC_PREFIX_HEADER = Hexagen/Wrapper/Wrapper.pch;
				GCC_PREPROCESSOR_DEFINITIONS = (
					"DEBUG=1",
					"$(inherited)",
				);
				HEADER_SEARCH_PATHS = (
					"$(inherited)",
					"/Applications/Xcode-beta.app/Contents/Developer/Toolchains/XcodeDefault.xctoolchain/usr/include",
					"\"$(SRCROOT)/Hexagen/Boost/include\"",
				);
				INFOPLIST_FILE = MobileHexagen/Info.plist;
				IPHONEOS_DEPLOYMENT_TARGET = 8.0;
				LD_RUNPATH_SEARCH_PATHS = "$(inherited) @executable_path/Frameworks @loader_path/Frameworks";
				PRODUCT_NAME = "$(TARGET_NAME)";
				SDKROOT = iphoneos;
				SKIP_INSTALL = YES;
				SWIFT_INSTALL_OBJC_HEADER = NO;
				TARGETED_DEVICE_FAMILY = "1,2";
			};
			name = Debug;
		};
		869CC7A01AC2AE4F00939A39 /* Release */ = {
			isa = XCBuildConfiguration;
			buildSettings = {
				CLANG_CXX_LANGUAGE_STANDARD = "gnu++14";
				"CODE_SIGN_IDENTITY[sdk=iphoneos*]" = "iPhone Developer";
				DEFINES_MODULE = YES;
				DYLIB_COMPATIBILITY_VERSION = 1;
				DYLIB_CURRENT_VERSION = 1;
				DYLIB_INSTALL_NAME_BASE = "@rpath";
				GCC_NO_COMMON_BLOCKS = YES;
				GCC_PRECOMPILE_PREFIX_HEADER = YES;
				GCC_PREFIX_HEADER = Hexagen/Wrapper/Wrapper.pch;
				HEADER_SEARCH_PATHS = (
					"$(inherited)",
					"/Applications/Xcode-beta.app/Contents/Developer/Toolchains/XcodeDefault.xctoolchain/usr/include",
					"\"$(SRCROOT)/Hexagen/Boost/include\"",
				);
				INFOPLIST_FILE = MobileHexagen/Info.plist;
				IPHONEOS_DEPLOYMENT_TARGET = 8.0;
				LD_RUNPATH_SEARCH_PATHS = "$(inherited) @executable_path/Frameworks @loader_path/Frameworks";
				PRODUCT_NAME = "$(TARGET_NAME)";
				SDKROOT = iphoneos;
				SKIP_INSTALL = YES;
				SWIFT_INSTALL_OBJC_HEADER = NO;
				TARGETED_DEVICE_FAMILY = "1,2";
				VALIDATE_PRODUCT = YES;
			};
			name = Release;
		};
		869CC7A21AC2AE4F00939A39 /* Debug */ = {
			isa = XCBuildConfiguration;
			buildSettings = {
				"CODE_SIGN_IDENTITY[sdk=iphoneos*]" = "iPhone Developer";
				DEBUG_INFORMATION_FORMAT = "dwarf-with-dsym";
				FRAMEWORK_SEARCH_PATHS = (
					"$(SDKROOT)/Developer/Library/Frameworks",
					"$(inherited)",
				);
				GCC_NO_COMMON_BLOCKS = YES;
				GCC_PREPROCESSOR_DEFINITIONS = (
					"DEBUG=1",
					"$(inherited)",
				);
				INFOPLIST_FILE = MobileHexagenTests/Info.plist;
				IPHONEOS_DEPLOYMENT_TARGET = 8.3;
				LD_RUNPATH_SEARCH_PATHS = "$(inherited) @executable_path/Frameworks @loader_path/Frameworks";
				PRODUCT_NAME = "$(TARGET_NAME)";
				SDKROOT = iphoneos;
			};
			name = Debug;
		};
		869CC7A31AC2AE4F00939A39 /* Release */ = {
			isa = XCBuildConfiguration;
			buildSettings = {
				"CODE_SIGN_IDENTITY[sdk=iphoneos*]" = "iPhone Developer";
				FRAMEWORK_SEARCH_PATHS = (
					"$(SDKROOT)/Developer/Library/Frameworks",
					"$(inherited)",
				);
				GCC_NO_COMMON_BLOCKS = YES;
				INFOPLIST_FILE = MobileHexagenTests/Info.plist;
				IPHONEOS_DEPLOYMENT_TARGET = 8.3;
				LD_RUNPATH_SEARCH_PATHS = "$(inherited) @executable_path/Frameworks @loader_path/Frameworks";
				PRODUCT_NAME = "$(TARGET_NAME)";
				SDKROOT = iphoneos;
				VALIDATE_PRODUCT = YES;
			};
			name = Release;
		};
		86D0E8F41A975414005E77BA /* Debug */ = {
			isa = XCBuildConfiguration;
			buildSettings = {
				ALWAYS_SEARCH_USER_PATHS = NO;
				CLANG_ENABLE_MODULES = YES;
				CLANG_ENABLE_OBJC_ARC = YES;
				CLANG_WARN_BOOL_CONVERSION = YES;
				CLANG_WARN_CONSTANT_CONVERSION = YES;
				CLANG_WARN_DIRECT_OBJC_ISA_USAGE = YES_ERROR;
				CLANG_WARN_EMPTY_BODY = YES;
				CLANG_WARN_ENUM_CONVERSION = YES;
				CLANG_WARN_INT_CONVERSION = YES;
				CLANG_WARN_OBJC_ROOT_CLASS = YES_ERROR;
				CLANG_WARN_UNREACHABLE_CODE = YES;
				CLANG_WARN__DUPLICATE_METHOD_MATCH = YES;
				COPY_PHASE_STRIP = NO;
				CURRENT_PROJECT_VERSION = 1;
				DEBUG_INFORMATION_FORMAT = dwarf;
				ENABLE_STRICT_OBJC_MSGSEND = YES;
				GCC_DYNAMIC_NO_PIC = NO;
				GCC_OPTIMIZATION_LEVEL = 0;
				GCC_PREPROCESSOR_DEFINITIONS = (
					"DEBUG=1",
					"$(inherited)",
				);
				GCC_SYMBOLS_PRIVATE_EXTERN = NO;
				GCC_WARN_64_TO_32_BIT_CONVERSION = YES;
				GCC_WARN_ABOUT_RETURN_TYPE = YES_ERROR;
				GCC_WARN_UNDECLARED_SELECTOR = YES;
				GCC_WARN_UNINITIALIZED_AUTOS = YES_AGGRESSIVE;
				GCC_WARN_UNUSED_FUNCTION = YES;
				GCC_WARN_UNUSED_VARIABLE = YES;
				MACOSX_DEPLOYMENT_TARGET = 10.10;
				MTL_ENABLE_DEBUG_INFO = YES;
				ONLY_ACTIVE_ARCH = YES;
				SDKROOT = macosx;
				SWIFT_OPTIMIZATION_LEVEL = "-Onone";
				VERSIONING_SYSTEM = "apple-generic";
				VERSION_INFO_PREFIX = "";
			};
			name = Debug;
		};
		86D0E8F51A975414005E77BA /* Release */ = {
			isa = XCBuildConfiguration;
			buildSettings = {
				ALWAYS_SEARCH_USER_PATHS = NO;
				CLANG_ENABLE_MODULES = YES;
				CLANG_ENABLE_OBJC_ARC = YES;
				CLANG_WARN_BOOL_CONVERSION = YES;
				CLANG_WARN_CONSTANT_CONVERSION = YES;
				CLANG_WARN_DIRECT_OBJC_ISA_USAGE = YES_ERROR;
				CLANG_WARN_EMPTY_BODY = YES;
				CLANG_WARN_ENUM_CONVERSION = YES;
				CLANG_WARN_INT_CONVERSION = YES;
				CLANG_WARN_OBJC_ROOT_CLASS = YES_ERROR;
				CLANG_WARN_UNREACHABLE_CODE = YES;
				CLANG_WARN__DUPLICATE_METHOD_MATCH = YES;
				COPY_PHASE_STRIP = NO;
				CURRENT_PROJECT_VERSION = 1;
				DEBUG_INFORMATION_FORMAT = "dwarf-with-dsym";
				ENABLE_NS_ASSERTIONS = NO;
				ENABLE_STRICT_OBJC_MSGSEND = YES;
				GCC_WARN_64_TO_32_BIT_CONVERSION = YES;
				GCC_WARN_ABOUT_RETURN_TYPE = YES_ERROR;
				GCC_WARN_UNDECLARED_SELECTOR = YES;
				GCC_WARN_UNINITIALIZED_AUTOS = YES_AGGRESSIVE;
				GCC_WARN_UNUSED_FUNCTION = YES;
				GCC_WARN_UNUSED_VARIABLE = YES;
				MACOSX_DEPLOYMENT_TARGET = 10.10;
				MTL_ENABLE_DEBUG_INFO = NO;
				SDKROOT = macosx;
				VERSIONING_SYSTEM = "apple-generic";
				VERSION_INFO_PREFIX = "";
			};
			name = Release;
		};
		86D0E8F71A975414005E77BA /* Debug */ = {
			isa = XCBuildConfiguration;
			buildSettings = {
				CLANG_CXX_LANGUAGE_STANDARD = "gnu++14";
				DEFINES_MODULE = YES;
				DYLIB_COMPATIBILITY_VERSION = 1;
				DYLIB_CURRENT_VERSION = 1;
				DYLIB_INSTALL_NAME_BASE = "@rpath";
				EMBEDDED_CONTENT_CONTAINS_SWIFT = YES;
				FRAMEWORK_VERSION = A;
				GCC_PRECOMPILE_PREFIX_HEADER = YES;
				GCC_PREFIX_HEADER = Hexagen/Wrapper/Wrapper.pch;
				HEADER_SEARCH_PATHS = (
					"$(inherited)",
					"/Applications/Xcode-Beta.app/Contents/Developer/Toolchains/XcodeDefault.xctoolchain/usr/include",
					"\"$(SRCROOT)/Hexagen/Boost/include\"",
				);
				INFOPLIST_FILE = Hexagen/Info.plist;
				LD_RUNPATH_SEARCH_PATHS = "$(inherited) @executable_path/../Frameworks @loader_path/Frameworks";
				MACOSX_DEPLOYMENT_TARGET = 10.9;
				PRODUCT_NAME = Hexagen;
				SKIP_INSTALL = YES;
				SWIFT_INSTALL_OBJC_HEADER = NO;
			};
			name = Debug;
		};
		86D0E8F81A975414005E77BA /* Release */ = {
			isa = XCBuildConfiguration;
			buildSettings = {
				CLANG_CXX_LANGUAGE_STANDARD = "gnu++14";
				DEFINES_MODULE = YES;
				DYLIB_COMPATIBILITY_VERSION = 1;
				DYLIB_CURRENT_VERSION = 1;
				DYLIB_INSTALL_NAME_BASE = "@rpath";
				EMBEDDED_CONTENT_CONTAINS_SWIFT = YES;
				FRAMEWORK_VERSION = A;
				GCC_PRECOMPILE_PREFIX_HEADER = YES;
				GCC_PREFIX_HEADER = Hexagen/Wrapper/Wrapper.pch;
				HEADER_SEARCH_PATHS = (
					"$(inherited)",
					"/Applications/Xcode-Beta.app/Contents/Developer/Toolchains/XcodeDefault.xctoolchain/usr/include",
					"\"$(SRCROOT)/Hexagen/Boost/include\"",
				);
				INFOPLIST_FILE = Hexagen/Info.plist;
				LD_RUNPATH_SEARCH_PATHS = "$(inherited) @executable_path/../Frameworks @loader_path/Frameworks";
				MACOSX_DEPLOYMENT_TARGET = 10.9;
				PRODUCT_NAME = Hexagen;
				SKIP_INSTALL = YES;
				SWIFT_INSTALL_OBJC_HEADER = NO;
			};
			name = Release;
		};
		86D0E8FA1A975414005E77BA /* Debug */ = {
			isa = XCBuildConfiguration;
			buildSettings = {
				COMBINE_HIDPI_IMAGES = YES;
				FRAMEWORK_SEARCH_PATHS = (
					"$(DEVELOPER_FRAMEWORKS_DIR)",
					"$(inherited)",
				);
				GCC_PREPROCESSOR_DEFINITIONS = (
					"DEBUG=1",
					"$(inherited)",
				);
				INFOPLIST_FILE = HexagenTests/Info.plist;
				LD_RUNPATH_SEARCH_PATHS = "$(inherited) @executable_path/../Frameworks @loader_path/../Frameworks";
				PRODUCT_NAME = HexagenTests;
			};
			name = Debug;
		};
		86D0E8FB1A975414005E77BA /* Release */ = {
			isa = XCBuildConfiguration;
			buildSettings = {
				COMBINE_HIDPI_IMAGES = YES;
				FRAMEWORK_SEARCH_PATHS = (
					"$(DEVELOPER_FRAMEWORKS_DIR)",
					"$(inherited)",
				);
				INFOPLIST_FILE = HexagenTests/Info.plist;
				LD_RUNPATH_SEARCH_PATHS = "$(inherited) @executable_path/../Frameworks @loader_path/../Frameworks";
				PRODUCT_NAME = HexagenTests;
			};
			name = Release;
		};
/* End XCBuildConfiguration section */

/* Begin XCConfigurationList section */
		860F6DC31AA136E200335793 /* Build configuration list for PBXNativeTarget "HexagenExamples" */ = {
			isa = XCConfigurationList;
			buildConfigurations = (
				860F6DC41AA136E200335793 /* Debug */,
				860F6DC51AA136E200335793 /* Release */,
			);
			defaultConfigurationIsVisible = 0;
			defaultConfigurationName = Release;
		};
		869CC79E1AC2AE4F00939A39 /* Build configuration list for PBXNativeTarget "MobileHexagen" */ = {
			isa = XCConfigurationList;
			buildConfigurations = (
				869CC79F1AC2AE4F00939A39 /* Debug */,
				869CC7A01AC2AE4F00939A39 /* Release */,
			);
			defaultConfigurationIsVisible = 0;
		};
		869CC7A11AC2AE4F00939A39 /* Build configuration list for PBXNativeTarget "MobileHexagenTests" */ = {
			isa = XCConfigurationList;
			buildConfigurations = (
				869CC7A21AC2AE4F00939A39 /* Debug */,
				869CC7A31AC2AE4F00939A39 /* Release */,
			);
			defaultConfigurationIsVisible = 0;
		};
		86D0E8DA1A975408005E77BA /* Build configuration list for PBXProject "Hexagen" */ = {
			isa = XCConfigurationList;
			buildConfigurations = (
				86D0E8F41A975414005E77BA /* Debug */,
				86D0E8F51A975414005E77BA /* Release */,
			);
			defaultConfigurationIsVisible = 0;
			defaultConfigurationName = Release;
		};
		86D0E8F61A975414005E77BA /* Build configuration list for PBXNativeTarget "Hexagen" */ = {
			isa = XCConfigurationList;
			buildConfigurations = (
				86D0E8F71A975414005E77BA /* Debug */,
				86D0E8F81A975414005E77BA /* Release */,
			);
			defaultConfigurationIsVisible = 0;
			defaultConfigurationName = Release;
		};
		86D0E8F91A975414005E77BA /* Build configuration list for PBXNativeTarget "HexagenTests" */ = {
			isa = XCConfigurationList;
			buildConfigurations = (
				86D0E8FA1A975414005E77BA /* Debug */,
				86D0E8FB1A975414005E77BA /* Release */,
			);
			defaultConfigurationIsVisible = 0;
			defaultConfigurationName = Release;
		};
/* End XCConfigurationList section */
	};
	rootObject = 86D0E8D71A975406005E77BA /* Project object */;
}
